// !$*UTF8*$!
{
	archiveVersion = 1;
	classes = {
	};
	objectVersion = 46;
	objects = {

/* Begin PBXBuildFile section */
		01CF1764BF7EDA3BC128EF1D /* UpdateCheckerTests.swift in Sources */ = {isa = PBXBuildFile; fileRef = 499642AF842CFD503742B407 /* UpdateCheckerTests.swift */; };
		03E0F51939CC095D70058C27 /* EventService.swift in Sources */ = {isa = PBXBuildFile; fileRef = 8A8C4A6DD3C2DE57AF1987BE /* EventService.swift */; };
		071C33435ED065BEA7A62ECF /* UnitedStatesProvider.swift in Sources */ = {isa = PBXBuildFile; fileRef = A6FB9DAFB88471A247527082 /* UnitedStatesProvider.swift */; };
		09A1F5E14E64FADB969F0B73 /* CalendarItemTests.swift in Sources */ = {isa = PBXBuildFile; fileRef = 1C63BE2177E721AA7548A118 /* CalendarItemTests.swift */; };
		10659281A59CB73CAE22345B /* MeetingLinkDetector.swift in Sources */ = {isa = PBXBuildFile; fileRef = E4E8869E7EB7D57A9F3D2B94 /* MeetingLinkDetector.swift */; };
		133BC1F899C8DD9CE9632449 /* ClockRenderService.swift in Sources */ = {isa = PBXBuildFile; fileRef = 631770148E5620DB7609EA66 /* ClockRenderService.swift */; };
		19222D536085EBF694D068A7 /* EventDetailWindowLayoutTests.swift in Sources */ = {isa = PBXBuildFile; fileRef = AAA557427B1B1E74C6FA20D0 /* EventDetailWindowLayoutTests.swift */; };
		1A4F4E89852C7D871D92E820 /* EventDetailWindowController.swift in Sources */ = {isa = PBXBuildFile; fileRef = 50309619A62338E76329798A /* EventDetailWindowController.swift */; };
		1A595A9D31341BB958137732 /* uk-2026.json in Resources */ = {isa = PBXBuildFile; fileRef = 78E3D6B4BCA1D4E2D415EC77 /* uk-2026.json */; };
		1C8A2DB15B17C6FD78D681B7 /* PopoverController.swift in Sources */ = {isa = PBXBuildFile; fileRef = 4230858549408E96D3B8A0EA /* PopoverController.swift */; };
		1FCE5125259DEF195487C751 /* UnitedKingdomProvider.swift in Sources */ = {isa = PBXBuildFile; fileRef = 287252BBA3FE9F9166FD5F6B /* UnitedKingdomProvider.swift */; };
		207F5C30E59566106AEA03A0 /* EventCardView.swift in Sources */ = {isa = PBXBuildFile; fileRef = 04FC992E60CE44977C49033A /* EventCardView.swift */; };
		2499F7B9E2CA38928B2BEFB1 /* EventDetailWindowSizing.swift in Sources */ = {isa = PBXBuildFile; fileRef = 708627DD11A369955BC67469 /* EventDetailWindowSizing.swift */; };
		25F929EA87F64AE550610C53 /* SolarTermResolver.swift in Sources */ = {isa = PBXBuildFile; fileRef = F6FDA5D46CDED15E18DADCF2 /* SolarTermResolver.swift */; };
		27080FB001828E011A32796E /* Localizable.xcstrings in Resources */ = {isa = PBXBuildFile; fileRef = FCA39D30F08F2630BFCB40FF /* Localizable.xcstrings */; };
		28D1C97E29783F216DE84A8F /* MonthHeaderView.swift in Sources */ = {isa = PBXBuildFile; fileRef = EDA7544CD7E2558712241BB5 /* MonthHeaderView.swift */; };
		322919B7C7BAF38239ED2228 /* MenuBarViewModelTests.swift in Sources */ = {isa = PBXBuildFile; fileRef = 101EB729CC787CB85C98AA25 /* MenuBarViewModelTests.swift */; };
		37AA2AB17DA8E214A5CA0D99 /* MenuBarViewModel.swift in Sources */ = {isa = PBXBuildFile; fileRef = 90A6D71D11F1D706C92514C9 /* MenuBarViewModel.swift */; };
		37FD4AA6013E81B81D4EA394 /* EventDetailWindowLayout.swift in Sources */ = {isa = PBXBuildFile; fileRef = 1F0DC9613237BEC20397D8F8 /* EventDetailWindowLayout.swift */; };
		39C9E2828291B5ABD7CA2750 /* HolidayFeedManifest.swift in Sources */ = {isa = PBXBuildFile; fileRef = 747C84974DE639C076BDD54E /* HolidayFeedManifest.swift */; };
		3A9368B08C3E0CCC2D278FC2 /* MonthCalendarServiceTests.swift in Sources */ = {isa = PBXBuildFile; fileRef = D8E782A6FEEFAEE449060DCA /* MonthCalendarServiceTests.swift */; };
		3DCF58EF5B281C50CB31B98C /* MonthCalendarService.swift in Sources */ = {isa = PBXBuildFile; fileRef = DDC4C23C3D7423829B0511ED /* MonthCalendarService.swift */; };
		439D635D5E85CE901B1041AB /* CalendarProApp.swift in Sources */ = {isa = PBXBuildFile; fileRef = E7DE5C583C0BD654359C8D2A /* CalendarProApp.swift */; };
		4641CBAD8F6C48F501777FE6 /* YearPickerView.swift in Sources */ = {isa = PBXBuildFile; fileRef = E56D78114E60B996AE69C767 /* YearPickerView.swift */; };
		4E00201A35E548CAFE725E0F /* AlmanacStripView.swift in Sources */ = {isa = PBXBuildFile; fileRef = E2B988FD3F46D4833DB1A4DE /* AlmanacStripView.swift */; };
		525C8DFD2F05DCDD52A32D46 /* Cocoa.framework in Frameworks */ = {isa = PBXBuildFile; fileRef = FCBEBDD214924DAAE27F432D /* Cocoa.framework */; };
		58825E09197A9D93FEE26EA7 /* EventsSettingsView.swift in Sources */ = {isa = PBXBuildFile; fileRef = 804E5AA213E5D971FBD35DFC /* EventsSettingsView.swift */; };
		5BEE102A556F56A0E2EBBB63 /* us-2025.json in Resources */ = {isa = PBXBuildFile; fileRef = C846C947D931A1FBA6F4229E /* us-2025.json */; };
		5D37E488D3B7AA5CDE7697D4 /* Assets.xcassets in Resources */ = {isa = PBXBuildFile; fileRef = 29FB2A71FD984F7A445A3431 /* Assets.xcassets */; };
		5D3CDB3CDC620CA332902E48 /* CalendarPopoverViewModelTests.swift in Sources */ = {isa = PBXBuildFile; fileRef = F733B5A530A90758140E4EB9 /* CalendarPopoverViewModelTests.swift */; };
		60593496C0193635C8699030 /* hong-kong-2026.json in Resources */ = {isa = PBXBuildFile; fileRef = 9366C0FC89859E75A9A4C239 /* hong-kong-2026.json */; };
		62CF7E780AAC97120C40A1DC /* ClockRenderServiceTests.swift in Sources */ = {isa = PBXBuildFile; fileRef = CEA5616F12784EE0C01B61FF /* ClockRenderServiceTests.swift */; };
		65A43573FFF1D2F6DDB935DC /* GeneralSettingsView.swift in Sources */ = {isa = PBXBuildFile; fileRef = 1EBA74F8346194101754C045 /* GeneralSettingsView.swift */; };
		679AFC8908CD222BB5F97A89 /* LunarServiceTests.swift in Sources */ = {isa = PBXBuildFile; fileRef = B858F6779A47636835C6424E /* LunarServiceTests.swift */; };
		67E764C7C13942E0AF6AD55B /* MenuBarSettingsView.swift in Sources */ = {isa = PBXBuildFile; fileRef = CA08992F4890B81E5816EEE5 /* MenuBarSettingsView.swift */; };
		6874AFC5F6A5A37064BA20B8 /* uk-2025.json in Resources */ = {isa = PBXBuildFile; fileRef = E8776D91908BA7E92B959DFD /* uk-2025.json */; };
		68EB8EFB88A19802CB43C7F9 /* MenuBarPreferencesTests.swift in Sources */ = {isa = PBXBuildFile; fileRef = 08630943519554C325000168 /* MenuBarPreferencesTests.swift */; };
		6D9ECF1149C6B6E1502227F4 /* RegionSettingsViewModel.swift in Sources */ = {isa = PBXBuildFile; fileRef = 0FCE118104E4EE75BFD1CD6C /* RegionSettingsViewModel.swift */; };
		6FECEFAB6C0A0D7B2331E061 /* MonthPickerView.swift in Sources */ = {isa = PBXBuildFile; fileRef = B38623F33EC99CE1FAC66A60 /* MonthPickerView.swift */; };
		74D3F1138EDA297142A4A2D6 /* AppDelegate.swift in Sources */ = {isa = PBXBuildFile; fileRef = 9971C3A9A14653319A101B7B /* AppDelegate.swift */; };
		74D9F96978253011D3C95664 /* LaunchAtLoginControllerTests.swift in Sources */ = {isa = PBXBuildFile; fileRef = 32AD3CA322ED9749906707D3 /* LaunchAtLoginControllerTests.swift */; };
		7A3957AADA7D37ACE8451A42 /* SettingsRootView.swift in Sources */ = {isa = PBXBuildFile; fileRef = D4EEDEC7C8B2ECD95BE4C8A9 /* SettingsRootView.swift */; };
		7A8270DC38D6B1A348FA1672 /* SettingsStore.swift in Sources */ = {isa = PBXBuildFile; fileRef = 6C92A0A4FE8CA32A9135584F /* SettingsStore.swift */; };
		7EE1DE4A2935EE34EAE0BEA6 /* HolidayResolver.swift in Sources */ = {isa = PBXBuildFile; fileRef = 7517A9052997278BB01784CF /* HolidayResolver.swift */; };
		7F9FBD51E499C934A5526930 /* LunarDateDescriptor.swift in Sources */ = {isa = PBXBuildFile; fileRef = 72C6F5D1D8BB604D5E511CCC /* LunarDateDescriptor.swift */; };
		840DE42218D06740E9F62C8E /* EventListView.swift in Sources */ = {isa = PBXBuildFile; fileRef = C19074E0D8B0F0097B753D5D /* EventListView.swift */; };
		84D0F145533581EC082D532C /* SettingsStoreTests.swift in Sources */ = {isa = PBXBuildFile; fileRef = 2E4DE0E959CE28C6648737DC /* SettingsStoreTests.swift */; };
		8623C9AB2623B791CA359E83 /* CalendarDayFactoryTests.swift in Sources */ = {isa = PBXBuildFile; fileRef = 38E61DCB089CCA8B8E6112F7 /* CalendarDayFactoryTests.swift */; };
		8ABF5C9D0E857C008CA4F310 /* HolidayCacheStore.swift in Sources */ = {isa = PBXBuildFile; fileRef = 962E36D06BAC6E7FB71928C8 /* HolidayCacheStore.swift */; };
		8C5DC08D3E650CE4D01B6A9B /* EventDetailWindowView.swift in Sources */ = {isa = PBXBuildFile; fileRef = D85911F8D9AD2580FE799317 /* EventDetailWindowView.swift */; };
		8C69F23541F23E4AA15D3CD0 /* MeetingLinkDetectorTests.swift in Sources */ = {isa = PBXBuildFile; fileRef = 6E5A35994AA52E03D8EE7558 /* MeetingLinkDetectorTests.swift */; };
		8FD766A7543B82040DB96DF6 /* HolidayFeedClientTests.swift in Sources */ = {isa = PBXBuildFile; fileRef = 524BABB40F6730028E2A99E5 /* HolidayFeedClientTests.swift */; };
		92E4AA64CE4D319856676844 /* HolidayProvider.swift in Sources */ = {isa = PBXBuildFile; fileRef = 609F9017B7F6073972DEFD68 /* HolidayProvider.swift */; };
		95ED2B59645211DAA2FD5CDE /* HolidayProviderRegistry.swift in Sources */ = {isa = PBXBuildFile; fileRef = 2D80EB0016502E946BF490EE /* HolidayProviderRegistry.swift */; };
		9A20457AE69A7A4341FDBE16 /* CalendarProTests.swift in Sources */ = {isa = PBXBuildFile; fileRef = 0FA1849A42F69DCC5A8494E1 /* CalendarProTests.swift */; };
		9B0D612A0C205F950AB5E611 /* PopoverSurfaceMetrics.swift in Sources */ = {isa = PBXBuildFile; fileRef = 6FBAD671DE9BCFA92CFB2B46 /* PopoverSurfaceMetrics.swift */; };
		9B5B03BB526A32663985917F /* ReminderDetailWindowView.swift in Sources */ = {isa = PBXBuildFile; fileRef = 35DE7A6E16BA11563016C691 /* ReminderDetailWindowView.swift */; };
		9D92ADF9E8AB346380EC9062 /* HolidayProviderRegistryTests.swift in Sources */ = {isa = PBXBuildFile; fileRef = B3D0DFC41CC064C9E8E1AD14 /* HolidayProviderRegistryTests.swift */; };
		A295E64F8C84A2009976B5B9 /* MenuBarPreferences.swift in Sources */ = {isa = PBXBuildFile; fileRef = 1846F73D2EF8BDA84C4961F9 /* MenuBarPreferences.swift */; };
		A66D0EA0B7187E479B72C074 /* CalendarItem.swift in Sources */ = {isa = PBXBuildFile; fileRef = 0B8BFA26A06B4CCD631561C2 /* CalendarItem.swift */; };
		AA44F3CC783DB1239B317705 /* UpdateChecker.swift in Sources */ = {isa = PBXBuildFile; fileRef = A3F2314C45AB9CD6C3DA425E /* UpdateChecker.swift */; };
		ADBD58DF538A1DA71A3A5C56 /* CalendarPopoverUITests.swift in Sources */ = {isa = PBXBuildFile; fileRef = F484C9CA99E41299DF9F56E9 /* CalendarPopoverUITests.swift */; };
		AE69DAFBFFDBF4F7BEC0C87B /* CalendarDayFactory.swift in Sources */ = {isa = PBXBuildFile; fileRef = C68442BCE7DCB7AC74ED1A52 /* CalendarDayFactory.swift */; };
		AF0B1BC2A75A980C8397300F /* RootPopoverView.swift in Sources */ = {isa = PBXBuildFile; fileRef = B770562AD5351236B2077421 /* RootPopoverView.swift */; };
		B0114777639753E17BD0C8B4 /* EventServiceTests.swift in Sources */ = {isa = PBXBuildFile; fileRef = 03F21A44BE287F5A8E70F44A /* EventServiceTests.swift */; };
		B12ACD027F2381A7F53AE780 /* EventDetailWindowSizingTests.swift in Sources */ = {isa = PBXBuildFile; fileRef = 014F4F8ECE3EE29906A2AD98 /* EventDetailWindowSizingTests.swift */; };
		B4CD244D0F8BDB7EEC4962A3 /* Cocoa.framework in Frameworks */ = {isa = PBXBuildFile; fileRef = FCBEBDD214924DAAE27F432D /* Cocoa.framework */; };
		B6846E1893B9CF72763B8541 /* mainland-cn-2026.json in Resources */ = {isa = PBXBuildFile; fileRef = 26BD7574D12BF8ACAC986377 /* mainland-cn-2026.json */; };
		C08389CCA6EE320F7CE86150 /* Cocoa.framework in Frameworks */ = {isa = PBXBuildFile; fileRef = FCBEBDD214924DAAE27F432D /* Cocoa.framework */; };
		C1D9B83A8A00866679BAD2F2 /* AboutSettingsView.swift in Sources */ = {isa = PBXBuildFile; fileRef = 56998C987B9BEB8E589A10DE /* AboutSettingsView.swift */; };
		C1E372BA573325505E9293EA /* LunarService.swift in Sources */ = {isa = PBXBuildFile; fileRef = 0C5236FF842BD004F0A19C0B /* LunarService.swift */; };
		C3C9B729E426EADD334B6BF4 /* CalendarPopoverViewModel.swift in Sources */ = {isa = PBXBuildFile; fileRef = D6B2CF0F67FA2AFC345DF4D8 /* CalendarPopoverViewModel.swift */; };
		C7AA70C2D44A59F53F17F96B /* LocaleFeatureAvailability.swift in Sources */ = {isa = PBXBuildFile; fileRef = 889207842C51AF5C877397D9 /* LocaleFeatureAvailability.swift */; };
		CB971DC0BDAB01F643EE20F8 /* LaunchAtLoginController.swift in Sources */ = {isa = PBXBuildFile; fileRef = DC97C47EFE9C98BED0034212 /* LaunchAtLoginController.swift */; };
		CCDE3549D4654B1DBD5D4362 /* CalendarPopoverView.swift in Sources */ = {isa = PBXBuildFile; fileRef = EAB4CEA39D2B174B7F9EDFBF /* CalendarPopoverView.swift */; };
		D10943E80B32701879A9ADA3 /* RegionSettingsView.swift in Sources */ = {isa = PBXBuildFile; fileRef = F6C2E14FB9A6DFCBEE381B24 /* RegionSettingsView.swift */; };
		D1C3BEC4A5A3842BA185B937 /* us-2026.json in Resources */ = {isa = PBXBuildFile; fileRef = E4551FB665FF9A6B5B1E27EE /* us-2026.json */; };
		D7D9FC8A80E7703826C7A439 /* SelectableDetailText.swift in Sources */ = {isa = PBXBuildFile; fileRef = 63200B1D8A0E1727DC55B6E3 /* SelectableDetailText.swift */; };
		E3ED2E7DCAD5DE6285216BE0 /* AlmanacService.swift in Sources */ = {isa = PBXBuildFile; fileRef = 78A20A9FD1BA465FDFC92598 /* AlmanacService.swift */; };
		E9886E33CE07EBB2837E1FF8 /* HolidayOccurrence.swift in Sources */ = {isa = PBXBuildFile; fileRef = 7243A99666587D5A8E0F557B /* HolidayOccurrence.swift */; };
		EAF347B7FE8C6AF8438A71E9 /* HongKongProvider.swift in Sources */ = {isa = PBXBuildFile; fileRef = B1AC0A747A0DFAE470C896DB /* HongKongProvider.swift */; };
		EFB3FE2D02B0F1FF170F8467 /* MainlandCNProvider.swift in Sources */ = {isa = PBXBuildFile; fileRef = F448A9B905FA056DF8482F69 /* MainlandCNProvider.swift */; };
		F06A48D07B4DF9552515F8F3 /* CalendarDay.swift in Sources */ = {isa = PBXBuildFile; fileRef = F70842A6281FF2970A195D89 /* CalendarDay.swift */; };
		F256248D8159B8BDA13E49A4 /* TraditionalFestivalResolver.swift in Sources */ = {isa = PBXBuildFile; fileRef = 207446B510C5F39E1F3EF7E8 /* TraditionalFestivalResolver.swift */; };
		F4E99DEBE8A9ABAE445D9918 /* CalendarGridView.swift in Sources */ = {isa = PBXBuildFile; fileRef = 7A59D284E3479A460B82DD78 /* CalendarGridView.swift */; };
		F6BA7946BACAE3F47743319C /* MainlandCNProviderTests.swift in Sources */ = {isa = PBXBuildFile; fileRef = E97B1ED7C16C2B11B4E7D68C /* MainlandCNProviderTests.swift */; };
		F7120C3056A5E3448F197FDE /* RegionSettingsViewModelTests.swift in Sources */ = {isa = PBXBuildFile; fileRef = 161BD71C4C15401CB58A6999 /* RegionSettingsViewModelTests.swift */; };
		F8A71C144D9450C306C3CCEB /* StatusBarController.swift in Sources */ = {isa = PBXBuildFile; fileRef = 3D16E7FB79AE33F106CD362B /* StatusBarController.swift */; };
		F9F983E116C1A9D0AB02B070 /* HolidayFeedClient.swift in Sources */ = {isa = PBXBuildFile; fileRef = 4BE5A784994F3B699FEA8E57 /* HolidayFeedClient.swift */; };
/* End PBXBuildFile section */

/* Begin PBXContainerItemProxy section */
		0AFB8CF171DD34E1E4691316 /* PBXContainerItemProxy */ = {
			isa = PBXContainerItemProxy;
			containerPortal = 974098F30F992CFFA856816A /* Project object */;
			proxyType = 1;
			remoteGlobalIDString = 34C403781F80B784B325A9DB;
			remoteInfo = CalendarPro;
		};
		A1FE92E9FEF66CF3CE09E7CC /* PBXContainerItemProxy */ = {
			isa = PBXContainerItemProxy;
			containerPortal = 974098F30F992CFFA856816A /* Project object */;
			proxyType = 1;
			remoteGlobalIDString = 34C403781F80B784B325A9DB;
			remoteInfo = CalendarPro;
		};
/* End PBXContainerItemProxy section */

/* Begin PBXFileReference section */
		014F4F8ECE3EE29906A2AD98 /* EventDetailWindowSizingTests.swift */ = {isa = PBXFileReference; includeInIndex = 1; lastKnownFileType = sourcecode.swift; path = EventDetailWindowSizingTests.swift; sourceTree = "<group>"; };
		03F21A44BE287F5A8E70F44A /* EventServiceTests.swift */ = {isa = PBXFileReference; includeInIndex = 1; lastKnownFileType = sourcecode.swift; path = EventServiceTests.swift; sourceTree = "<group>"; };
		049DEFEE424D4AA160DF6AF5 /* CalendarProTests.xctest */ = {isa = PBXFileReference; explicitFileType = wrapper.cfbundle; includeInIndex = 0; path = CalendarProTests.xctest; sourceTree = BUILT_PRODUCTS_DIR; };
		04FC992E60CE44977C49033A /* EventCardView.swift */ = {isa = PBXFileReference; includeInIndex = 1; lastKnownFileType = sourcecode.swift; path = EventCardView.swift; sourceTree = "<group>"; };
		08630943519554C325000168 /* MenuBarPreferencesTests.swift */ = {isa = PBXFileReference; includeInIndex = 1; lastKnownFileType = sourcecode.swift; path = MenuBarPreferencesTests.swift; sourceTree = "<group>"; };
		0A860307E01A87EE8F89ED9C /* CalendarPro.app */ = {isa = PBXFileReference; explicitFileType = wrapper.application; includeInIndex = 0; path = CalendarPro.app; sourceTree = BUILT_PRODUCTS_DIR; };
		0B8BFA26A06B4CCD631561C2 /* CalendarItem.swift */ = {isa = PBXFileReference; includeInIndex = 1; lastKnownFileType = sourcecode.swift; path = CalendarItem.swift; sourceTree = "<group>"; };
		0C5236FF842BD004F0A19C0B /* LunarService.swift */ = {isa = PBXFileReference; includeInIndex = 1; lastKnownFileType = sourcecode.swift; path = LunarService.swift; sourceTree = "<group>"; };
		0FA1849A42F69DCC5A8494E1 /* CalendarProTests.swift */ = {isa = PBXFileReference; includeInIndex = 1; lastKnownFileType = sourcecode.swift; path = CalendarProTests.swift; sourceTree = "<group>"; };
		0FCE118104E4EE75BFD1CD6C /* RegionSettingsViewModel.swift */ = {isa = PBXFileReference; includeInIndex = 1; lastKnownFileType = sourcecode.swift; path = RegionSettingsViewModel.swift; sourceTree = "<group>"; };
		101EB729CC787CB85C98AA25 /* MenuBarViewModelTests.swift */ = {isa = PBXFileReference; includeInIndex = 1; lastKnownFileType = sourcecode.swift; path = MenuBarViewModelTests.swift; sourceTree = "<group>"; };
		161BD71C4C15401CB58A6999 /* RegionSettingsViewModelTests.swift */ = {isa = PBXFileReference; includeInIndex = 1; lastKnownFileType = sourcecode.swift; path = RegionSettingsViewModelTests.swift; sourceTree = "<group>"; };
		1846F73D2EF8BDA84C4961F9 /* MenuBarPreferences.swift */ = {isa = PBXFileReference; includeInIndex = 1; lastKnownFileType = sourcecode.swift; path = MenuBarPreferences.swift; sourceTree = "<group>"; };
		1C63BE2177E721AA7548A118 /* CalendarItemTests.swift */ = {isa = PBXFileReference; includeInIndex = 1; lastKnownFileType = sourcecode.swift; path = CalendarItemTests.swift; sourceTree = "<group>"; };
		1EBA74F8346194101754C045 /* GeneralSettingsView.swift */ = {isa = PBXFileReference; includeInIndex = 1; lastKnownFileType = sourcecode.swift; path = GeneralSettingsView.swift; sourceTree = "<group>"; };
		1F0DC9613237BEC20397D8F8 /* EventDetailWindowLayout.swift */ = {isa = PBXFileReference; includeInIndex = 1; lastKnownFileType = sourcecode.swift; path = EventDetailWindowLayout.swift; sourceTree = "<group>"; };
		207446B510C5F39E1F3EF7E8 /* TraditionalFestivalResolver.swift */ = {isa = PBXFileReference; includeInIndex = 1; lastKnownFileType = sourcecode.swift; path = TraditionalFestivalResolver.swift; sourceTree = "<group>"; };
		26BD7574D12BF8ACAC986377 /* mainland-cn-2026.json */ = {isa = PBXFileReference; includeInIndex = 1; path = "mainland-cn-2026.json"; sourceTree = "<group>"; };
		287252BBA3FE9F9166FD5F6B /* UnitedKingdomProvider.swift */ = {isa = PBXFileReference; includeInIndex = 1; lastKnownFileType = sourcecode.swift; path = UnitedKingdomProvider.swift; sourceTree = "<group>"; };
		29FB2A71FD984F7A445A3431 /* Assets.xcassets */ = {isa = PBXFileReference; includeInIndex = 1; lastKnownFileType = folder.assetcatalog; path = Assets.xcassets; sourceTree = "<group>"; };
		2D80EB0016502E946BF490EE /* HolidayProviderRegistry.swift */ = {isa = PBXFileReference; includeInIndex = 1; lastKnownFileType = sourcecode.swift; path = HolidayProviderRegistry.swift; sourceTree = "<group>"; };
		2E4DE0E959CE28C6648737DC /* SettingsStoreTests.swift */ = {isa = PBXFileReference; includeInIndex = 1; lastKnownFileType = sourcecode.swift; path = SettingsStoreTests.swift; sourceTree = "<group>"; };
		32AD3CA322ED9749906707D3 /* LaunchAtLoginControllerTests.swift */ = {isa = PBXFileReference; includeInIndex = 1; lastKnownFileType = sourcecode.swift; path = LaunchAtLoginControllerTests.swift; sourceTree = "<group>"; };
		35DE7A6E16BA11563016C691 /* ReminderDetailWindowView.swift */ = {isa = PBXFileReference; includeInIndex = 1; lastKnownFileType = sourcecode.swift; path = ReminderDetailWindowView.swift; sourceTree = "<group>"; };
		38E61DCB089CCA8B8E6112F7 /* CalendarDayFactoryTests.swift */ = {isa = PBXFileReference; includeInIndex = 1; lastKnownFileType = sourcecode.swift; path = CalendarDayFactoryTests.swift; sourceTree = "<group>"; };
		3C58AFD6FD1189FFC7D9DFE0 /* CalendarPro.entitlements */ = {isa = PBXFileReference; includeInIndex = 1; lastKnownFileType = text.plist.entitlements; path = CalendarPro.entitlements; sourceTree = "<group>"; };
		3D16E7FB79AE33F106CD362B /* StatusBarController.swift */ = {isa = PBXFileReference; includeInIndex = 1; lastKnownFileType = sourcecode.swift; path = StatusBarController.swift; sourceTree = "<group>"; };
		4230858549408E96D3B8A0EA /* PopoverController.swift */ = {isa = PBXFileReference; includeInIndex = 1; lastKnownFileType = sourcecode.swift; path = PopoverController.swift; sourceTree = "<group>"; };
		499642AF842CFD503742B407 /* UpdateCheckerTests.swift */ = {isa = PBXFileReference; includeInIndex = 1; lastKnownFileType = sourcecode.swift; path = UpdateCheckerTests.swift; sourceTree = "<group>"; };
		4BE5A784994F3B699FEA8E57 /* HolidayFeedClient.swift */ = {isa = PBXFileReference; includeInIndex = 1; lastKnownFileType = sourcecode.swift; path = HolidayFeedClient.swift; sourceTree = "<group>"; };
		50309619A62338E76329798A /* EventDetailWindowController.swift */ = {isa = PBXFileReference; includeInIndex = 1; lastKnownFileType = sourcecode.swift; path = EventDetailWindowController.swift; sourceTree = "<group>"; };
		524BABB40F6730028E2A99E5 /* HolidayFeedClientTests.swift */ = {isa = PBXFileReference; includeInIndex = 1; lastKnownFileType = sourcecode.swift; path = HolidayFeedClientTests.swift; sourceTree = "<group>"; };
		56998C987B9BEB8E589A10DE /* AboutSettingsView.swift */ = {isa = PBXFileReference; includeInIndex = 1; lastKnownFileType = sourcecode.swift; path = AboutSettingsView.swift; sourceTree = "<group>"; };
		609F9017B7F6073972DEFD68 /* HolidayProvider.swift */ = {isa = PBXFileReference; includeInIndex = 1; lastKnownFileType = sourcecode.swift; path = HolidayProvider.swift; sourceTree = "<group>"; };
		631770148E5620DB7609EA66 /* ClockRenderService.swift */ = {isa = PBXFileReference; includeInIndex = 1; lastKnownFileType = sourcecode.swift; path = ClockRenderService.swift; sourceTree = "<group>"; };
		63200B1D8A0E1727DC55B6E3 /* SelectableDetailText.swift */ = {isa = PBXFileReference; includeInIndex = 1; lastKnownFileType = sourcecode.swift; path = SelectableDetailText.swift; sourceTree = "<group>"; };
		6C92A0A4FE8CA32A9135584F /* SettingsStore.swift */ = {isa = PBXFileReference; includeInIndex = 1; lastKnownFileType = sourcecode.swift; path = SettingsStore.swift; sourceTree = "<group>"; };
		6E5A35994AA52E03D8EE7558 /* MeetingLinkDetectorTests.swift */ = {isa = PBXFileReference; includeInIndex = 1; lastKnownFileType = sourcecode.swift; path = MeetingLinkDetectorTests.swift; sourceTree = "<group>"; };
		6FBAD671DE9BCFA92CFB2B46 /* PopoverSurfaceMetrics.swift */ = {isa = PBXFileReference; includeInIndex = 1; lastKnownFileType = sourcecode.swift; path = PopoverSurfaceMetrics.swift; sourceTree = "<group>"; };
		708627DD11A369955BC67469 /* EventDetailWindowSizing.swift */ = {isa = PBXFileReference; includeInIndex = 1; lastKnownFileType = sourcecode.swift; path = EventDetailWindowSizing.swift; sourceTree = "<group>"; };
		7243A99666587D5A8E0F557B /* HolidayOccurrence.swift */ = {isa = PBXFileReference; includeInIndex = 1; lastKnownFileType = sourcecode.swift; path = HolidayOccurrence.swift; sourceTree = "<group>"; };
		72C6F5D1D8BB604D5E511CCC /* LunarDateDescriptor.swift */ = {isa = PBXFileReference; includeInIndex = 1; lastKnownFileType = sourcecode.swift; path = LunarDateDescriptor.swift; sourceTree = "<group>"; };
		747C84974DE639C076BDD54E /* HolidayFeedManifest.swift */ = {isa = PBXFileReference; includeInIndex = 1; lastKnownFileType = sourcecode.swift; path = HolidayFeedManifest.swift; sourceTree = "<group>"; };
		7517A9052997278BB01784CF /* HolidayResolver.swift */ = {isa = PBXFileReference; includeInIndex = 1; lastKnownFileType = sourcecode.swift; path = HolidayResolver.swift; sourceTree = "<group>"; };
		78A20A9FD1BA465FDFC92598 /* AlmanacService.swift */ = {isa = PBXFileReference; includeInIndex = 1; lastKnownFileType = sourcecode.swift; path = AlmanacService.swift; sourceTree = "<group>"; };
		78E3D6B4BCA1D4E2D415EC77 /* uk-2026.json */ = {isa = PBXFileReference; includeInIndex = 1; path = "uk-2026.json"; sourceTree = "<group>"; };
		7A59D284E3479A460B82DD78 /* CalendarGridView.swift */ = {isa = PBXFileReference; includeInIndex = 1; lastKnownFileType = sourcecode.swift; path = CalendarGridView.swift; sourceTree = "<group>"; };
		804E5AA213E5D971FBD35DFC /* EventsSettingsView.swift */ = {isa = PBXFileReference; includeInIndex = 1; lastKnownFileType = sourcecode.swift; path = EventsSettingsView.swift; sourceTree = "<group>"; };
		889207842C51AF5C877397D9 /* LocaleFeatureAvailability.swift */ = {isa = PBXFileReference; includeInIndex = 1; lastKnownFileType = sourcecode.swift; path = LocaleFeatureAvailability.swift; sourceTree = "<group>"; };
		8A8C4A6DD3C2DE57AF1987BE /* EventService.swift */ = {isa = PBXFileReference; includeInIndex = 1; lastKnownFileType = sourcecode.swift; path = EventService.swift; sourceTree = "<group>"; };
		90A6D71D11F1D706C92514C9 /* MenuBarViewModel.swift */ = {isa = PBXFileReference; includeInIndex = 1; lastKnownFileType = sourcecode.swift; path = MenuBarViewModel.swift; sourceTree = "<group>"; };
		9366C0FC89859E75A9A4C239 /* hong-kong-2026.json */ = {isa = PBXFileReference; includeInIndex = 1; path = "hong-kong-2026.json"; sourceTree = "<group>"; };
		962E36D06BAC6E7FB71928C8 /* HolidayCacheStore.swift */ = {isa = PBXFileReference; includeInIndex = 1; lastKnownFileType = sourcecode.swift; path = HolidayCacheStore.swift; sourceTree = "<group>"; };
		9971C3A9A14653319A101B7B /* AppDelegate.swift */ = {isa = PBXFileReference; includeInIndex = 1; lastKnownFileType = sourcecode.swift; path = AppDelegate.swift; sourceTree = "<group>"; };
		A3F2314C45AB9CD6C3DA425E /* UpdateChecker.swift */ = {isa = PBXFileReference; includeInIndex = 1; lastKnownFileType = sourcecode.swift; path = UpdateChecker.swift; sourceTree = "<group>"; };
		A6FB9DAFB88471A247527082 /* UnitedStatesProvider.swift */ = {isa = PBXFileReference; includeInIndex = 1; lastKnownFileType = sourcecode.swift; path = UnitedStatesProvider.swift; sourceTree = "<group>"; };
		AAA557427B1B1E74C6FA20D0 /* EventDetailWindowLayoutTests.swift */ = {isa = PBXFileReference; includeInIndex = 1; lastKnownFileType = sourcecode.swift; path = EventDetailWindowLayoutTests.swift; sourceTree = "<group>"; };
		B1AC0A747A0DFAE470C896DB /* HongKongProvider.swift */ = {isa = PBXFileReference; includeInIndex = 1; lastKnownFileType = sourcecode.swift; path = HongKongProvider.swift; sourceTree = "<group>"; };
		B38623F33EC99CE1FAC66A60 /* MonthPickerView.swift */ = {isa = PBXFileReference; includeInIndex = 1; lastKnownFileType = sourcecode.swift; path = MonthPickerView.swift; sourceTree = "<group>"; };
		B395C8A8B63ABBEF55A063E1 /* CalendarProUITests.xctest */ = {isa = PBXFileReference; explicitFileType = wrapper.cfbundle; includeInIndex = 0; path = CalendarProUITests.xctest; sourceTree = BUILT_PRODUCTS_DIR; };
		B3D0DFC41CC064C9E8E1AD14 /* HolidayProviderRegistryTests.swift */ = {isa = PBXFileReference; includeInIndex = 1; lastKnownFileType = sourcecode.swift; path = HolidayProviderRegistryTests.swift; sourceTree = "<group>"; };
		B770562AD5351236B2077421 /* RootPopoverView.swift */ = {isa = PBXFileReference; includeInIndex = 1; lastKnownFileType = sourcecode.swift; path = RootPopoverView.swift; sourceTree = "<group>"; };
		B858F6779A47636835C6424E /* LunarServiceTests.swift */ = {isa = PBXFileReference; includeInIndex = 1; lastKnownFileType = sourcecode.swift; path = LunarServiceTests.swift; sourceTree = "<group>"; };
		C19074E0D8B0F0097B753D5D /* EventListView.swift */ = {isa = PBXFileReference; includeInIndex = 1; lastKnownFileType = sourcecode.swift; path = EventListView.swift; sourceTree = "<group>"; };
		C68442BCE7DCB7AC74ED1A52 /* CalendarDayFactory.swift */ = {isa = PBXFileReference; includeInIndex = 1; lastKnownFileType = sourcecode.swift; path = CalendarDayFactory.swift; sourceTree = "<group>"; };
		C846C947D931A1FBA6F4229E /* us-2025.json */ = {isa = PBXFileReference; includeInIndex = 1; path = "us-2025.json"; sourceTree = "<group>"; };
		CA08992F4890B81E5816EEE5 /* MenuBarSettingsView.swift */ = {isa = PBXFileReference; includeInIndex = 1; lastKnownFileType = sourcecode.swift; path = MenuBarSettingsView.swift; sourceTree = "<group>"; };
		CEA5616F12784EE0C01B61FF /* ClockRenderServiceTests.swift */ = {isa = PBXFileReference; includeInIndex = 1; lastKnownFileType = sourcecode.swift; path = ClockRenderServiceTests.swift; sourceTree = "<group>"; };
		D4EEDEC7C8B2ECD95BE4C8A9 /* SettingsRootView.swift */ = {isa = PBXFileReference; includeInIndex = 1; lastKnownFileType = sourcecode.swift; path = SettingsRootView.swift; sourceTree = "<group>"; };
		D6B2CF0F67FA2AFC345DF4D8 /* CalendarPopoverViewModel.swift */ = {isa = PBXFileReference; includeInIndex = 1; lastKnownFileType = sourcecode.swift; path = CalendarPopoverViewModel.swift; sourceTree = "<group>"; };
		D85911F8D9AD2580FE799317 /* EventDetailWindowView.swift */ = {isa = PBXFileReference; includeInIndex = 1; lastKnownFileType = sourcecode.swift; path = EventDetailWindowView.swift; sourceTree = "<group>"; };
		D8E782A6FEEFAEE449060DCA /* MonthCalendarServiceTests.swift */ = {isa = PBXFileReference; includeInIndex = 1; lastKnownFileType = sourcecode.swift; path = MonthCalendarServiceTests.swift; sourceTree = "<group>"; };
		DC97C47EFE9C98BED0034212 /* LaunchAtLoginController.swift */ = {isa = PBXFileReference; includeInIndex = 1; lastKnownFileType = sourcecode.swift; path = LaunchAtLoginController.swift; sourceTree = "<group>"; };
		DDC4C23C3D7423829B0511ED /* MonthCalendarService.swift */ = {isa = PBXFileReference; includeInIndex = 1; lastKnownFileType = sourcecode.swift; path = MonthCalendarService.swift; sourceTree = "<group>"; };
		E2B988FD3F46D4833DB1A4DE /* AlmanacStripView.swift */ = {isa = PBXFileReference; includeInIndex = 1; lastKnownFileType = sourcecode.swift; path = AlmanacStripView.swift; sourceTree = "<group>"; };
		E4551FB665FF9A6B5B1E27EE /* us-2026.json */ = {isa = PBXFileReference; includeInIndex = 1; path = "us-2026.json"; sourceTree = "<group>"; };
		E4E8869E7EB7D57A9F3D2B94 /* MeetingLinkDetector.swift */ = {isa = PBXFileReference; includeInIndex = 1; lastKnownFileType = sourcecode.swift; path = MeetingLinkDetector.swift; sourceTree = "<group>"; };
		E56D78114E60B996AE69C767 /* YearPickerView.swift */ = {isa = PBXFileReference; includeInIndex = 1; lastKnownFileType = sourcecode.swift; path = YearPickerView.swift; sourceTree = "<group>"; };
		E7DE5C583C0BD654359C8D2A /* CalendarProApp.swift */ = {isa = PBXFileReference; includeInIndex = 1; lastKnownFileType = sourcecode.swift; path = CalendarProApp.swift; sourceTree = "<group>"; };
		E8776D91908BA7E92B959DFD /* uk-2025.json */ = {isa = PBXFileReference; includeInIndex = 1; path = "uk-2025.json"; sourceTree = "<group>"; };
		E97B1ED7C16C2B11B4E7D68C /* MainlandCNProviderTests.swift */ = {isa = PBXFileReference; includeInIndex = 1; lastKnownFileType = sourcecode.swift; path = MainlandCNProviderTests.swift; sourceTree = "<group>"; };
		EAB4CEA39D2B174B7F9EDFBF /* CalendarPopoverView.swift */ = {isa = PBXFileReference; includeInIndex = 1; lastKnownFileType = sourcecode.swift; path = CalendarPopoverView.swift; sourceTree = "<group>"; };
		EDA7544CD7E2558712241BB5 /* MonthHeaderView.swift */ = {isa = PBXFileReference; includeInIndex = 1; lastKnownFileType = sourcecode.swift; path = MonthHeaderView.swift; sourceTree = "<group>"; };
		F448A9B905FA056DF8482F69 /* MainlandCNProvider.swift */ = {isa = PBXFileReference; includeInIndex = 1; lastKnownFileType = sourcecode.swift; path = MainlandCNProvider.swift; sourceTree = "<group>"; };
		F484C9CA99E41299DF9F56E9 /* CalendarPopoverUITests.swift */ = {isa = PBXFileReference; includeInIndex = 1; lastKnownFileType = sourcecode.swift; path = CalendarPopoverUITests.swift; sourceTree = "<group>"; };
		F6C2E14FB9A6DFCBEE381B24 /* RegionSettingsView.swift */ = {isa = PBXFileReference; includeInIndex = 1; lastKnownFileType = sourcecode.swift; path = RegionSettingsView.swift; sourceTree = "<group>"; };
		F6FDA5D46CDED15E18DADCF2 /* SolarTermResolver.swift */ = {isa = PBXFileReference; includeInIndex = 1; lastKnownFileType = sourcecode.swift; path = SolarTermResolver.swift; sourceTree = "<group>"; };
		F70842A6281FF2970A195D89 /* CalendarDay.swift */ = {isa = PBXFileReference; includeInIndex = 1; lastKnownFileType = sourcecode.swift; path = CalendarDay.swift; sourceTree = "<group>"; };
		F733B5A530A90758140E4EB9 /* CalendarPopoverViewModelTests.swift */ = {isa = PBXFileReference; includeInIndex = 1; lastKnownFileType = sourcecode.swift; path = CalendarPopoverViewModelTests.swift; sourceTree = "<group>"; };
		FCA39D30F08F2630BFCB40FF /* Localizable.xcstrings */ = {isa = PBXFileReference; includeInIndex = 1; path = Localizable.xcstrings; sourceTree = "<group>"; };
		FCBEBDD214924DAAE27F432D /* Cocoa.framework */ = {isa = PBXFileReference; lastKnownFileType = wrapper.framework; name = Cocoa.framework; path = Platforms/MacOSX.platform/Developer/SDKs/MacOSX15.0.sdk/System/Library/Frameworks/Cocoa.framework; sourceTree = DEVELOPER_DIR; };
/* End PBXFileReference section */

/* Begin PBXFrameworksBuildPhase section */
		156402D48C16328C0D5E754B /* Frameworks */ = {
			isa = PBXFrameworksBuildPhase;
			buildActionMask = 2147483647;
			files = (
				B4CD244D0F8BDB7EEC4962A3 /* Cocoa.framework in Frameworks */,
			);
			runOnlyForDeploymentPostprocessing = 0;
		};
		DFAFF75D799F7444A0958675 /* Frameworks */ = {
			isa = PBXFrameworksBuildPhase;
			buildActionMask = 2147483647;
			files = (
				C08389CCA6EE320F7CE86150 /* Cocoa.framework in Frameworks */,
			);
			runOnlyForDeploymentPostprocessing = 0;
		};
		F3DD45A3FE5D11C8DA28DD44 /* Frameworks */ = {
			isa = PBXFrameworksBuildPhase;
			buildActionMask = 2147483647;
			files = (
				525C8DFD2F05DCDD52A32D46 /* Cocoa.framework in Frameworks */,
			);
			runOnlyForDeploymentPostprocessing = 0;
		};
/* End PBXFrameworksBuildPhase section */

/* Begin PBXGroup section */
		014DD0D6BD81B07DF89C934C /* Infrastructure */ = {
			isa = PBXGroup;
			children = (
				FCFA82475A5A864F41CF8AB3 /* Data */,
				889207842C51AF5C877397D9 /* LocaleFeatureAvailability.swift */,
			);
			name = Infrastructure;
			path = Infrastructure;
			sourceTree = "<group>";
		};
		09D3DD8C14B1D656194BAAAC /* CalendarPro */ = {
			isa = PBXGroup;
			children = (
				7F940CA009862066DE76D176 /* App */,
				3C58AFD6FD1189FFC7D9DFE0 /* CalendarPro.entitlements */,
				E7DE5C583C0BD654359C8D2A /* CalendarProApp.swift */,
				85110D70EE5027F836D116D1 /* Features */,
				014DD0D6BD81B07DF89C934C /* Infrastructure */,
				FEA34B3B2FC1FFEFE8F0AD18 /* Resources */,
				B4E5B7971B7056006F690F4D /* Settings */,
				41C4A9BA77C787FF4BC1EC4F /* Views */,
			);
			name = CalendarPro;
			path = CalendarPro;
			sourceTree = "<group>";
		};
		0AAC40644C4744D7283BE4A3 /* CalendarProTests */ = {
			isa = PBXGroup;
			children = (
				8A0110E3F51B7E4A718CC0B2 /* App */,
				0F85C7B12C3496EFA34B7FB9 /* Calendar */,
				0FA1849A42F69DCC5A8494E1 /* CalendarProTests.swift */,
				374824F666AA1A7CF32CC932 /* Data */,
				959447FCFC5698C2147A22E3 /* Events */,
				419D352EB8EF2B9E6E09309F /* Holidays */,
				F70AD8073335AE681BA5AC11 /* Lunar */,
				5EBCD2539C29EFC9017D518D /* MenuBar */,
				46B7A492766A466BDD8428ED /* Popover */,
				E0A87A3579E0FE61795A1849 /* Settings */,
			);
			name = CalendarProTests;
			path = CalendarProTests;
			sourceTree = "<group>";
		};
		0F85C7B12C3496EFA34B7FB9 /* Calendar */ = {
			isa = PBXGroup;
			children = (
				38E61DCB089CCA8B8E6112F7 /* CalendarDayFactoryTests.swift */,
				D8E782A6FEEFAEE449060DCA /* MonthCalendarServiceTests.swift */,
			);
			name = Calendar;
			path = Calendar;
			sourceTree = "<group>";
		};
		173E7E137381F40105518A4E /* MenuBar */ = {
			isa = PBXGroup;
			children = (
				631770148E5620DB7609EA66 /* ClockRenderService.swift */,
				90A6D71D11F1D706C92514C9 /* MenuBarViewModel.swift */,
			);
			name = MenuBar;
			path = MenuBar;
			sourceTree = "<group>";
		};
		2183E9DF3C9CEFE443B6E10F /* Events */ = {
			isa = PBXGroup;
			children = (
				0B8BFA26A06B4CCD631561C2 /* CalendarItem.swift */,
				8A8C4A6DD3C2DE57AF1987BE /* EventService.swift */,
				E4E8869E7EB7D57A9F3D2B94 /* MeetingLinkDetector.swift */,
			);
			name = Events;
			path = Events;
			sourceTree = "<group>";
		};
		21ECAED8BAE4404B7AF09F52 /* Settings */ = {
			isa = PBXGroup;
			children = (
				56998C987B9BEB8E589A10DE /* AboutSettingsView.swift */,
				804E5AA213E5D971FBD35DFC /* EventsSettingsView.swift */,
				1EBA74F8346194101754C045 /* GeneralSettingsView.swift */,
				CA08992F4890B81E5816EEE5 /* MenuBarSettingsView.swift */,
				F6C2E14FB9A6DFCBEE381B24 /* RegionSettingsView.swift */,
				D4EEDEC7C8B2ECD95BE4C8A9 /* SettingsRootView.swift */,
			);
			name = Settings;
			path = Settings;
			sourceTree = "<group>";
		};
		374824F666AA1A7CF32CC932 /* Data */ = {
			isa = PBXGroup;
			children = (
				524BABB40F6730028E2A99E5 /* HolidayFeedClientTests.swift */,
			);
			name = Data;
			path = Data;
			sourceTree = "<group>";
		};
		419D352EB8EF2B9E6E09309F /* Holidays */ = {
			isa = PBXGroup;
			children = (
				B3D0DFC41CC064C9E8E1AD14 /* HolidayProviderRegistryTests.swift */,
				E97B1ED7C16C2B11B4E7D68C /* MainlandCNProviderTests.swift */,
			);
			name = Holidays;
			path = Holidays;
			sourceTree = "<group>";
		};
		41C4A9BA77C787FF4BC1EC4F /* Views */ = {
			isa = PBXGroup;
			children = (
				52BA198B97B26D7DC96F8143 /* Popover */,
				B770562AD5351236B2077421 /* RootPopoverView.swift */,
				21ECAED8BAE4404B7AF09F52 /* Settings */,
			);
			name = Views;
			path = Views;
			sourceTree = "<group>";
		};
		46B7A492766A466BDD8428ED /* Popover */ = {
			isa = PBXGroup;
			children = (
				F733B5A530A90758140E4EB9 /* CalendarPopoverViewModelTests.swift */,
			);
			name = Popover;
			path = Popover;
			sourceTree = "<group>";
		};
		472DFF376A81236BDCC022AD /* Holidays */ = {
			isa = PBXGroup;
			children = (
				D8E621708665A33A5BB73941 /* hong-kong */,
				95057957FABE5BF8B0014631 /* mainland-cn */,
				DD1DE835CD532D2216C46DB9 /* uk */,
				7783095E76EAB4E203884E4A /* us */,
			);
			name = Holidays;
			path = Holidays;
			sourceTree = "<group>";
		};
		4979D87139FA8A5C66833FBC /* Calendar */ = {
			isa = PBXGroup;
			children = (
				F70842A6281FF2970A195D89 /* CalendarDay.swift */,
				C68442BCE7DCB7AC74ED1A52 /* CalendarDayFactory.swift */,
				DDC4C23C3D7423829B0511ED /* MonthCalendarService.swift */,
			);
			name = Calendar;
			path = Calendar;
			sourceTree = "<group>";
		};
		52BA198B97B26D7DC96F8143 /* Popover */ = {
			isa = PBXGroup;
			children = (
				E2B988FD3F46D4833DB1A4DE /* AlmanacStripView.swift */,
				7A59D284E3479A460B82DD78 /* CalendarGridView.swift */,
				EAB4CEA39D2B174B7F9EDFBF /* CalendarPopoverView.swift */,
				D6B2CF0F67FA2AFC345DF4D8 /* CalendarPopoverViewModel.swift */,
				04FC992E60CE44977C49033A /* EventCardView.swift */,
				D85911F8D9AD2580FE799317 /* EventDetailWindowView.swift */,
				C19074E0D8B0F0097B753D5D /* EventListView.swift */,
				EDA7544CD7E2558712241BB5 /* MonthHeaderView.swift */,
				B38623F33EC99CE1FAC66A60 /* MonthPickerView.swift */,
				6FBAD671DE9BCFA92CFB2B46 /* PopoverSurfaceMetrics.swift */,
				35DE7A6E16BA11563016C691 /* ReminderDetailWindowView.swift */,
				63200B1D8A0E1727DC55B6E3 /* SelectableDetailText.swift */,
				E56D78114E60B996AE69C767 /* YearPickerView.swift */,
			);
			name = Popover;
			path = Popover;
			sourceTree = "<group>";
		};
		5EBCD2539C29EFC9017D518D /* MenuBar */ = {
			isa = PBXGroup;
			children = (
				CEA5616F12784EE0C01B61FF /* ClockRenderServiceTests.swift */,
				101EB729CC787CB85C98AA25 /* MenuBarViewModelTests.swift */,
			);
			name = MenuBar;
			path = MenuBar;
			sourceTree = "<group>";
		};
		612D5D8177661353BA7C4A7B /* OS X */ = {
			isa = PBXGroup;
			children = (
				FCBEBDD214924DAAE27F432D /* Cocoa.framework */,
			);
			name = "OS X";
			sourceTree = "<group>";
		};
		675A48823A936B7D5B8ECBBB /* Holidays */ = {
			isa = PBXGroup;
			children = (
				7243A99666587D5A8E0F557B /* HolidayOccurrence.swift */,
				609F9017B7F6073972DEFD68 /* HolidayProvider.swift */,
				2D80EB0016502E946BF490EE /* HolidayProviderRegistry.swift */,
				7517A9052997278BB01784CF /* HolidayResolver.swift */,
				B1AC0A747A0DFAE470C896DB /* HongKongProvider.swift */,
				F448A9B905FA056DF8482F69 /* MainlandCNProvider.swift */,
				287252BBA3FE9F9166FD5F6B /* UnitedKingdomProvider.swift */,
				A6FB9DAFB88471A247527082 /* UnitedStatesProvider.swift */,
			);
			name = Holidays;
			path = Holidays;
			sourceTree = "<group>";
		};
		7783095E76EAB4E203884E4A /* us */ = {
			isa = PBXGroup;
			children = (
				C846C947D931A1FBA6F4229E /* us-2025.json */,
				E4551FB665FF9A6B5B1E27EE /* us-2026.json */,
			);
			name = us;
			path = us;
			sourceTree = "<group>";
		};
		7F940CA009862066DE76D176 /* App */ = {
			isa = PBXGroup;
			children = (
				9971C3A9A14653319A101B7B /* AppDelegate.swift */,
				50309619A62338E76329798A /* EventDetailWindowController.swift */,
				1F0DC9613237BEC20397D8F8 /* EventDetailWindowLayout.swift */,
				708627DD11A369955BC67469 /* EventDetailWindowSizing.swift */,
				DC97C47EFE9C98BED0034212 /* LaunchAtLoginController.swift */,
				4230858549408E96D3B8A0EA /* PopoverController.swift */,
				3D16E7FB79AE33F106CD362B /* StatusBarController.swift */,
				A3F2314C45AB9CD6C3DA425E /* UpdateChecker.swift */,
			);
			name = App;
			path = App;
			sourceTree = "<group>";
		};
		85110D70EE5027F836D116D1 /* Features */ = {
			isa = PBXGroup;
			children = (
				FC1029FC46AB881963599607 /* Almanac */,
				4979D87139FA8A5C66833FBC /* Calendar */,
				2183E9DF3C9CEFE443B6E10F /* Events */,
				675A48823A936B7D5B8ECBBB /* Holidays */,
				AA86C220F06B3F498F63ABCA /* Lunar */,
				173E7E137381F40105518A4E /* MenuBar */,
				AC719D4784CEAE9237D18430 /* Weather */,
			);
			name = Features;
			path = Features;
			sourceTree = "<group>";
		};
		8A0110E3F51B7E4A718CC0B2 /* App */ = {
			isa = PBXGroup;
			children = (
				AAA557427B1B1E74C6FA20D0 /* EventDetailWindowLayoutTests.swift */,
				014F4F8ECE3EE29906A2AD98 /* EventDetailWindowSizingTests.swift */,
				32AD3CA322ED9749906707D3 /* LaunchAtLoginControllerTests.swift */,
				499642AF842CFD503742B407 /* UpdateCheckerTests.swift */,
			);
			name = App;
			path = App;
			sourceTree = "<group>";
		};
		9148871F9789811A6EC9884E /* Frameworks */ = {
			isa = PBXGroup;
			children = (
				612D5D8177661353BA7C4A7B /* OS X */,
			);
			name = Frameworks;
			sourceTree = "<group>";
		};
		93632A52AF5AE082150CA11E = {
			isa = PBXGroup;
			children = (
				E9B2C62CDD6663347B8023BA /* Products */,
				9148871F9789811A6EC9884E /* Frameworks */,
				09D3DD8C14B1D656194BAAAC /* CalendarPro */,
				0AAC40644C4744D7283BE4A3 /* CalendarProTests */,
				DE86746C510E896FB5F9A655 /* CalendarProUITests */,
			);
			sourceTree = "<group>";
		};
		95057957FABE5BF8B0014631 /* mainland-cn */ = {
			isa = PBXGroup;
			children = (
				26BD7574D12BF8ACAC986377 /* mainland-cn-2026.json */,
			);
			name = "mainland-cn";
			path = "mainland-cn";
			sourceTree = "<group>";
		};
		959447FCFC5698C2147A22E3 /* Events */ = {
			isa = PBXGroup;
			children = (
				1C63BE2177E721AA7548A118 /* CalendarItemTests.swift */,
				03F21A44BE287F5A8E70F44A /* EventServiceTests.swift */,
				6E5A35994AA52E03D8EE7558 /* MeetingLinkDetectorTests.swift */,
			);
			name = Events;
			path = Events;
			sourceTree = "<group>";
		};
		AA86C220F06B3F498F63ABCA /* Lunar */ = {
			isa = PBXGroup;
			children = (
				72C6F5D1D8BB604D5E511CCC /* LunarDateDescriptor.swift */,
				0C5236FF842BD004F0A19C0B /* LunarService.swift */,
				F6FDA5D46CDED15E18DADCF2 /* SolarTermResolver.swift */,
				207446B510C5F39E1F3EF7E8 /* TraditionalFestivalResolver.swift */,
			);
			name = Lunar;
			path = Lunar;
			sourceTree = "<group>";
		};
		AC719D4784CEAE9237D18430 /* Weather */ = {
			isa = PBXGroup;
			children = (
			);
			name = Weather;
			path = Weather;
			sourceTree = "<group>";
		};
		B4E5B7971B7056006F690F4D /* Settings */ = {
			isa = PBXGroup;
			children = (
				1846F73D2EF8BDA84C4961F9 /* MenuBarPreferences.swift */,
				0FCE118104E4EE75BFD1CD6C /* RegionSettingsViewModel.swift */,
				6C92A0A4FE8CA32A9135584F /* SettingsStore.swift */,
			);
			name = Settings;
			path = Settings;
			sourceTree = "<group>";
		};
		D8E621708665A33A5BB73941 /* hong-kong */ = {
			isa = PBXGroup;
			children = (
				9366C0FC89859E75A9A4C239 /* hong-kong-2026.json */,
			);
			name = "hong-kong";
			path = "hong-kong";
			sourceTree = "<group>";
		};
		DD1DE835CD532D2216C46DB9 /* uk */ = {
			isa = PBXGroup;
			children = (
				E8776D91908BA7E92B959DFD /* uk-2025.json */,
				78E3D6B4BCA1D4E2D415EC77 /* uk-2026.json */,
			);
			name = uk;
			path = uk;
			sourceTree = "<group>";
		};
		DE86746C510E896FB5F9A655 /* CalendarProUITests */ = {
			isa = PBXGroup;
			children = (
				F484C9CA99E41299DF9F56E9 /* CalendarPopoverUITests.swift */,
			);
			name = CalendarProUITests;
			path = CalendarProUITests;
			sourceTree = "<group>";
		};
		E0A87A3579E0FE61795A1849 /* Settings */ = {
			isa = PBXGroup;
			children = (
				08630943519554C325000168 /* MenuBarPreferencesTests.swift */,
				161BD71C4C15401CB58A6999 /* RegionSettingsViewModelTests.swift */,
				2E4DE0E959CE28C6648737DC /* SettingsStoreTests.swift */,
			);
			name = Settings;
			path = Settings;
			sourceTree = "<group>";
		};
		E9B2C62CDD6663347B8023BA /* Products */ = {
			isa = PBXGroup;
			children = (
				0A860307E01A87EE8F89ED9C /* CalendarPro.app */,
				049DEFEE424D4AA160DF6AF5 /* CalendarProTests.xctest */,
				B395C8A8B63ABBEF55A063E1 /* CalendarProUITests.xctest */,
			);
			name = Products;
			sourceTree = "<group>";
		};
		F70AD8073335AE681BA5AC11 /* Lunar */ = {
			isa = PBXGroup;
			children = (
				B858F6779A47636835C6424E /* LunarServiceTests.swift */,
			);
			name = Lunar;
			path = Lunar;
			sourceTree = "<group>";
		};
		FC1029FC46AB881963599607 /* Almanac */ = {
			isa = PBXGroup;
			children = (
				78A20A9FD1BA465FDFC92598 /* AlmanacService.swift */,
			);
			name = Almanac;
			path = Almanac;
			sourceTree = "<group>";
		};
		FCFA82475A5A864F41CF8AB3 /* Data */ = {
			isa = PBXGroup;
			children = (
				962E36D06BAC6E7FB71928C8 /* HolidayCacheStore.swift */,
				4BE5A784994F3B699FEA8E57 /* HolidayFeedClient.swift */,
				747C84974DE639C076BDD54E /* HolidayFeedManifest.swift */,
			);
			name = Data;
			path = Data;
			sourceTree = "<group>";
		};
		FEA34B3B2FC1FFEFE8F0AD18 /* Resources */ = {
			isa = PBXGroup;
			children = (
				29FB2A71FD984F7A445A3431 /* Assets.xcassets */,
				472DFF376A81236BDCC022AD /* Holidays */,
				FCA39D30F08F2630BFCB40FF /* Localizable.xcstrings */,
			);
			name = Resources;
			path = Resources;
			sourceTree = "<group>";
		};
/* End PBXGroup section */

/* Begin PBXNativeTarget section */
		236DDD7F407C6AD76E8A5BBE /* CalendarProTests */ = {
			isa = PBXNativeTarget;
			buildConfigurationList = 4F28BFD800670D5168DC9B2A /* Build configuration list for PBXNativeTarget "CalendarProTests" */;
			buildPhases = (
				A9091A8EE885A82DBA82D85C /* Sources */,
				156402D48C16328C0D5E754B /* Frameworks */,
				7B69F263C2AF8486BDF96DA8 /* Resources */,
			);
			buildRules = (
			);
			dependencies = (
				50A526671F9482943F018938 /* PBXTargetDependency */,
			);
			name = CalendarProTests;
			productName = CalendarProTests;
			productReference = 049DEFEE424D4AA160DF6AF5 /* CalendarProTests.xctest */;
			productType = "com.apple.product-type.bundle.unit-test";
		};
		34C403781F80B784B325A9DB /* CalendarPro */ = {
			isa = PBXNativeTarget;
			buildConfigurationList = 4BCF940AEE1B587EFF03F9BE /* Build configuration list for PBXNativeTarget "CalendarPro" */;
			buildPhases = (
				5C14ACD94B8C40AC1C1EF080 /* Sources */,
				DFAFF75D799F7444A0958675 /* Frameworks */,
				3DAF171C7D3080DCC626FEED /* Resources */,
			);
			buildRules = (
			);
			dependencies = (
			);
			name = CalendarPro;
			packageProductDependencies = (
				5FE430E5D02A079ABFCC3E14 /* Sparkle */,
				4BB3962B246E2B26B6972141 /* tyme */,
			);
			productName = CalendarPro;
			productReference = 0A860307E01A87EE8F89ED9C /* CalendarPro.app */;
			productType = "com.apple.product-type.application";
		};
		8BF19F045908E2D395C0D276 /* CalendarProUITests */ = {
			isa = PBXNativeTarget;
			buildConfigurationList = 89BDEF0DCD024C7090E8F29C /* Build configuration list for PBXNativeTarget "CalendarProUITests" */;
			buildPhases = (
				6917B444976DCA339C3297F4 /* Sources */,
				F3DD45A3FE5D11C8DA28DD44 /* Frameworks */,
				854B7E9538C946BC0DADF956 /* Resources */,
				2667E59769B6E06B64989870 /* Embed Testing Interop */,
			);
			buildRules = (
			);
			dependencies = (
				B927DBA5E0ABAA6B9E855B4B /* PBXTargetDependency */,
			);
			name = CalendarProUITests;
			productName = CalendarProUITests;
			productReference = B395C8A8B63ABBEF55A063E1 /* CalendarProUITests.xctest */;
			productType = "com.apple.product-type.bundle.ui-testing";
		};
/* End PBXNativeTarget section */

/* Begin PBXProject section */
		974098F30F992CFFA856816A /* Project object */ = {
			isa = PBXProject;
			attributes = {
				LastSwiftUpdateCheck = 1600;
				LastUpgradeCheck = 1600;
				TargetAttributes = {
					34C403781F80B784B325A9DB = {
						ProvisioningStyle = Automatic;
					};
				};
			};
			buildConfigurationList = FF209DC5BC6F880480FAA1BE /* Build configuration list for PBXProject "CalendarPro" */;
			compatibilityVersion = "Xcode 3.2";
			developmentRegion = en;
			hasScannedForEncodings = 0;
			knownRegions = (
				en,
				Base,
			);
			mainGroup = 93632A52AF5AE082150CA11E;
			minimizedProjectReferenceProxies = 0;
			packageReferences = (
				D9D35BC10B20017E20D5FBF9 /* XCRemoteSwiftPackageReference "Sparkle" */,
				C54374F9C48511F2C310CD01 /* XCRemoteSwiftPackageReference "tyme4swift" */,
			);
			preferredProjectObjectVersion = 77;
			productRefGroup = E9B2C62CDD6663347B8023BA /* Products */;
			projectDirPath = "";
			projectRoot = "";
			targets = (
				34C403781F80B784B325A9DB /* CalendarPro */,
				236DDD7F407C6AD76E8A5BBE /* CalendarProTests */,
				8BF19F045908E2D395C0D276 /* CalendarProUITests */,
			);
		};
/* End PBXProject section */

/* Begin PBXResourcesBuildPhase section */
		3DAF171C7D3080DCC626FEED /* Resources */ = {
			isa = PBXResourcesBuildPhase;
			buildActionMask = 2147483647;
			files = (
				5D37E488D3B7AA5CDE7697D4 /* Assets.xcassets in Resources */,
				60593496C0193635C8699030 /* hong-kong-2026.json in Resources */,
				B6846E1893B9CF72763B8541 /* mainland-cn-2026.json in Resources */,
				6874AFC5F6A5A37064BA20B8 /* uk-2025.json in Resources */,
				1A595A9D31341BB958137732 /* uk-2026.json in Resources */,
				5BEE102A556F56A0E2EBBB63 /* us-2025.json in Resources */,
				D1C3BEC4A5A3842BA185B937 /* us-2026.json in Resources */,
				27080FB001828E011A32796E /* Localizable.xcstrings in Resources */,
			);
			runOnlyForDeploymentPostprocessing = 0;
		};
		7B69F263C2AF8486BDF96DA8 /* Resources */ = {
			isa = PBXResourcesBuildPhase;
			buildActionMask = 2147483647;
			files = (
			);
			runOnlyForDeploymentPostprocessing = 0;
		};
		854B7E9538C946BC0DADF956 /* Resources */ = {
			isa = PBXResourcesBuildPhase;
			buildActionMask = 2147483647;
			files = (
			);
			runOnlyForDeploymentPostprocessing = 0;
		};
/* End PBXResourcesBuildPhase section */

/* Begin PBXShellScriptBuildPhase section */
		2667E59769B6E06B64989870 /* Embed Testing Interop */ = {
			isa = PBXShellScriptBuildPhase;
			buildActionMask = 2147483647;
			files = (
			);
			inputFileListPaths = (
			);
			inputPaths = (
			);
			name = "Embed Testing Interop";
			outputFileListPaths = (
			);
			outputPaths = (
			);
			runOnlyForDeploymentPostprocessing = 0;
			shellPath = /bin/sh;
			shellScript = "TESTING_INTEROP_DYLIB_PATH=\"/Applications/Xcode.app/Contents/Developer/Platforms/MacOSX.platform/Developer/usr/lib/lib_TestingInterop.dylib\"\nTESTING_FRAMEWORKS_DIR=\"/Applications/Xcode.app/Contents/Developer/Platforms/MacOSX.platform/Developer/Library/Frameworks\"\nRUNNER_FRAMEWORKS_DIR=\"$TARGET_BUILD_DIR/../Frameworks\"\n\nif [ ! -f \"$TESTING_INTEROP_DYLIB_PATH\" ]; then\n  echo \"warning: Missing lib_TestingInterop.dylib at $TESTING_INTEROP_DYLIB_PATH\"\n  exit 0\nfi\n\nmkdir -p \"$RUNNER_FRAMEWORKS_DIR\"\ncp \"$TESTING_INTEROP_DYLIB_PATH\" \"$RUNNER_FRAMEWORKS_DIR/lib_TestingInterop.dylib\"\n\nfor framework in \"$TESTING_FRAMEWORKS_DIR\"/_Testing*.framework; do\n  if [ ! -e \"$framework\" ]; then\n    continue\n  fi\n\n  framework_name=\"$(basename \"$framework\")\"\n  rm -rf \"$RUNNER_FRAMEWORKS_DIR/$framework_name\"\n  ditto \"$framework\" \"$RUNNER_FRAMEWORKS_DIR/$framework_name\"\ndone\n";
		};
/* End PBXShellScriptBuildPhase section */

/* Begin PBXSourcesBuildPhase section */
		5C14ACD94B8C40AC1C1EF080 /* Sources */ = {
			isa = PBXSourcesBuildPhase;
			buildActionMask = 2147483647;
			files = (
				74D3F1138EDA297142A4A2D6 /* AppDelegate.swift in Sources */,
				1A4F4E89852C7D871D92E820 /* EventDetailWindowController.swift in Sources */,
				37FD4AA6013E81B81D4EA394 /* EventDetailWindowLayout.swift in Sources */,
				2499F7B9E2CA38928B2BEFB1 /* EventDetailWindowSizing.swift in Sources */,
				CB971DC0BDAB01F643EE20F8 /* LaunchAtLoginController.swift in Sources */,
				1C8A2DB15B17C6FD78D681B7 /* PopoverController.swift in Sources */,
				F8A71C144D9450C306C3CCEB /* StatusBarController.swift in Sources */,
				AA44F3CC783DB1239B317705 /* UpdateChecker.swift in Sources */,
				439D635D5E85CE901B1041AB /* CalendarProApp.swift in Sources */,
				E3ED2E7DCAD5DE6285216BE0 /* AlmanacService.swift in Sources */,
				F06A48D07B4DF9552515F8F3 /* CalendarDay.swift in Sources */,
				AE69DAFBFFDBF4F7BEC0C87B /* CalendarDayFactory.swift in Sources */,
				3DCF58EF5B281C50CB31B98C /* MonthCalendarService.swift in Sources */,
				A66D0EA0B7187E479B72C074 /* CalendarItem.swift in Sources */,
				03E0F51939CC095D70058C27 /* EventService.swift in Sources */,
				10659281A59CB73CAE22345B /* MeetingLinkDetector.swift in Sources */,
				E9886E33CE07EBB2837E1FF8 /* HolidayOccurrence.swift in Sources */,
				92E4AA64CE4D319856676844 /* HolidayProvider.swift in Sources */,
				95ED2B59645211DAA2FD5CDE /* HolidayProviderRegistry.swift in Sources */,
				7EE1DE4A2935EE34EAE0BEA6 /* HolidayResolver.swift in Sources */,
				EAF347B7FE8C6AF8438A71E9 /* HongKongProvider.swift in Sources */,
				EFB3FE2D02B0F1FF170F8467 /* MainlandCNProvider.swift in Sources */,
				1FCE5125259DEF195487C751 /* UnitedKingdomProvider.swift in Sources */,
				071C33435ED065BEA7A62ECF /* UnitedStatesProvider.swift in Sources */,
				7F9FBD51E499C934A5526930 /* LunarDateDescriptor.swift in Sources */,
				C1E372BA573325505E9293EA /* LunarService.swift in Sources */,
				25F929EA87F64AE550610C53 /* SolarTermResolver.swift in Sources */,
				F256248D8159B8BDA13E49A4 /* TraditionalFestivalResolver.swift in Sources */,
				133BC1F899C8DD9CE9632449 /* ClockRenderService.swift in Sources */,
				37AA2AB17DA8E214A5CA0D99 /* MenuBarViewModel.swift in Sources */,
				8ABF5C9D0E857C008CA4F310 /* HolidayCacheStore.swift in Sources */,
				F9F983E116C1A9D0AB02B070 /* HolidayFeedClient.swift in Sources */,
				39C9E2828291B5ABD7CA2750 /* HolidayFeedManifest.swift in Sources */,
				C7AA70C2D44A59F53F17F96B /* LocaleFeatureAvailability.swift in Sources */,
				A295E64F8C84A2009976B5B9 /* MenuBarPreferences.swift in Sources */,
				6D9ECF1149C6B6E1502227F4 /* RegionSettingsViewModel.swift in Sources */,
				7A8270DC38D6B1A348FA1672 /* SettingsStore.swift in Sources */,
				4E00201A35E548CAFE725E0F /* AlmanacStripView.swift in Sources */,
				F4E99DEBE8A9ABAE445D9918 /* CalendarGridView.swift in Sources */,
				CCDE3549D4654B1DBD5D4362 /* CalendarPopoverView.swift in Sources */,
				C3C9B729E426EADD334B6BF4 /* CalendarPopoverViewModel.swift in Sources */,
				207F5C30E59566106AEA03A0 /* EventCardView.swift in Sources */,
				8C5DC08D3E650CE4D01B6A9B /* EventDetailWindowView.swift in Sources */,
				840DE42218D06740E9F62C8E /* EventListView.swift in Sources */,
				28D1C97E29783F216DE84A8F /* MonthHeaderView.swift in Sources */,
				6FECEFAB6C0A0D7B2331E061 /* MonthPickerView.swift in Sources */,
				9B0D612A0C205F950AB5E611 /* PopoverSurfaceMetrics.swift in Sources */,
				9B5B03BB526A32663985917F /* ReminderDetailWindowView.swift in Sources */,
				D7D9FC8A80E7703826C7A439 /* SelectableDetailText.swift in Sources */,
				4641CBAD8F6C48F501777FE6 /* YearPickerView.swift in Sources */,
				AF0B1BC2A75A980C8397300F /* RootPopoverView.swift in Sources */,
				C1D9B83A8A00866679BAD2F2 /* AboutSettingsView.swift in Sources */,
				58825E09197A9D93FEE26EA7 /* EventsSettingsView.swift in Sources */,
				65A43573FFF1D2F6DDB935DC /* GeneralSettingsView.swift in Sources */,
				67E764C7C13942E0AF6AD55B /* MenuBarSettingsView.swift in Sources */,
				D10943E80B32701879A9ADA3 /* RegionSettingsView.swift in Sources */,
				7A3957AADA7D37ACE8451A42 /* SettingsRootView.swift in Sources */,
			);
			runOnlyForDeploymentPostprocessing = 0;
		};
		6917B444976DCA339C3297F4 /* Sources */ = {
			isa = PBXSourcesBuildPhase;
			buildActionMask = 2147483647;
			files = (
				ADBD58DF538A1DA71A3A5C56 /* CalendarPopoverUITests.swift in Sources */,
			);
			runOnlyForDeploymentPostprocessing = 0;
		};
		A9091A8EE885A82DBA82D85C /* Sources */ = {
			isa = PBXSourcesBuildPhase;
			buildActionMask = 2147483647;
			files = (
				19222D536085EBF694D068A7 /* EventDetailWindowLayoutTests.swift in Sources */,
				B12ACD027F2381A7F53AE780 /* EventDetailWindowSizingTests.swift in Sources */,
				74D9F96978253011D3C95664 /* LaunchAtLoginControllerTests.swift in Sources */,
				01CF1764BF7EDA3BC128EF1D /* UpdateCheckerTests.swift in Sources */,
				8623C9AB2623B791CA359E83 /* CalendarDayFactoryTests.swift in Sources */,
				3A9368B08C3E0CCC2D278FC2 /* MonthCalendarServiceTests.swift in Sources */,
				9A20457AE69A7A4341FDBE16 /* CalendarProTests.swift in Sources */,
				8FD766A7543B82040DB96DF6 /* HolidayFeedClientTests.swift in Sources */,
				09A1F5E14E64FADB969F0B73 /* CalendarItemTests.swift in Sources */,
				B0114777639753E17BD0C8B4 /* EventServiceTests.swift in Sources */,
				8C69F23541F23E4AA15D3CD0 /* MeetingLinkDetectorTests.swift in Sources */,
				9D92ADF9E8AB346380EC9062 /* HolidayProviderRegistryTests.swift in Sources */,
				F6BA7946BACAE3F47743319C /* MainlandCNProviderTests.swift in Sources */,
				679AFC8908CD222BB5F97A89 /* LunarServiceTests.swift in Sources */,
				62CF7E780AAC97120C40A1DC /* ClockRenderServiceTests.swift in Sources */,
				322919B7C7BAF38239ED2228 /* MenuBarViewModelTests.swift in Sources */,
				5D3CDB3CDC620CA332902E48 /* CalendarPopoverViewModelTests.swift in Sources */,
				68EB8EFB88A19802CB43C7F9 /* MenuBarPreferencesTests.swift in Sources */,
				F7120C3056A5E3448F197FDE /* RegionSettingsViewModelTests.swift in Sources */,
				84D0F145533581EC082D532C /* SettingsStoreTests.swift in Sources */,
			);
			runOnlyForDeploymentPostprocessing = 0;
		};
/* End PBXSourcesBuildPhase section */

/* Begin PBXTargetDependency section */
		50A526671F9482943F018938 /* PBXTargetDependency */ = {
			isa = PBXTargetDependency;
			name = CalendarPro;
			target = 34C403781F80B784B325A9DB /* CalendarPro */;
			targetProxy = A1FE92E9FEF66CF3CE09E7CC /* PBXContainerItemProxy */;
		};
		B927DBA5E0ABAA6B9E855B4B /* PBXTargetDependency */ = {
			isa = PBXTargetDependency;
			name = CalendarPro;
			target = 34C403781F80B784B325A9DB /* CalendarPro */;
			targetProxy = 0AFB8CF171DD34E1E4691316 /* PBXContainerItemProxy */;
		};
/* End PBXTargetDependency section */

/* Begin XCBuildConfiguration section */
		44A774190505F93F17B50A7B /* Release */ = {
			isa = XCBuildConfiguration;
			buildSettings = {
				ALWAYS_SEARCH_USER_PATHS = NO;
				CLANG_ANALYZER_NONNULL = YES;
				CLANG_ANALYZER_NUMBER_OBJECT_CONVERSION = YES_AGGRESSIVE;
				CLANG_CXX_LANGUAGE_STANDARD = "gnu++14";
				CLANG_CXX_LIBRARY = "libc++";
				CLANG_ENABLE_MODULES = YES;
				CLANG_ENABLE_OBJC_ARC = YES;
				CLANG_ENABLE_OBJC_WEAK = YES;
				CLANG_WARN_BLOCK_CAPTURE_AUTORELEASING = YES;
				CLANG_WARN_BOOL_CONVERSION = YES;
				CLANG_WARN_COMMA = YES;
				CLANG_WARN_CONSTANT_CONVERSION = YES;
				CLANG_WARN_DEPRECATED_OBJC_IMPLEMENTATIONS = YES;
				CLANG_WARN_DIRECT_OBJC_ISA_USAGE = YES_ERROR;
				CLANG_WARN_DOCUMENTATION_COMMENTS = YES;
				CLANG_WARN_EMPTY_BODY = YES;
				CLANG_WARN_ENUM_CONVERSION = YES;
				CLANG_WARN_INFINITE_RECURSION = YES;
				CLANG_WARN_INT_CONVERSION = YES;
				CLANG_WARN_NON_LITERAL_NULL_CONVERSION = YES;
				CLANG_WARN_OBJC_IMPLICIT_RETAIN_SELF = YES;
				CLANG_WARN_OBJC_LITERAL_CONVERSION = YES;
				CLANG_WARN_OBJC_ROOT_CLASS = YES_ERROR;
				CLANG_WARN_QUOTED_INCLUDE_IN_FRAMEWORK_HEADER = YES;
				CLANG_WARN_RANGE_LOOP_ANALYSIS = YES;
				CLANG_WARN_STRICT_PROTOTYPES = YES;
				CLANG_WARN_SUSPICIOUS_MOVE = YES;
				CLANG_WARN_UNGUARDED_AVAILABILITY = YES_AGGRESSIVE;
				CLANG_WARN_UNREACHABLE_CODE = YES;
				CLANG_WARN__DUPLICATE_METHOD_MATCH = YES;
				COPY_PHASE_STRIP = NO;
				DEBUG_INFORMATION_FORMAT = "dwarf-with-dsym";
				ENABLE_NS_ASSERTIONS = NO;
				ENABLE_STRICT_OBJC_MSGSEND = YES;
				GCC_C_LANGUAGE_STANDARD = gnu11;
				GCC_NO_COMMON_BLOCKS = YES;
				GCC_WARN_64_TO_32_BIT_CONVERSION = YES;
				GCC_WARN_ABOUT_RETURN_TYPE = YES_ERROR;
				GCC_WARN_UNDECLARED_SELECTOR = YES;
				GCC_WARN_UNINITIALIZED_AUTOS = YES_AGGRESSIVE;
				GCC_WARN_UNUSED_FUNCTION = YES;
				GCC_WARN_UNUSED_VARIABLE = YES;
				MTL_ENABLE_DEBUG_INFO = NO;
				MTL_FAST_MATH = YES;
				PRODUCT_NAME = "$(TARGET_NAME)";
				SWIFT_COMPILATION_MODE = wholemodule;
				SWIFT_OPTIMIZATION_LEVEL = "-O";
				SWIFT_VERSION = 5.0;
			};
			name = Release;
		};
		5A49BD6A2B3C6E386BBAF4FA /* Debug */ = {
			isa = XCBuildConfiguration;
			buildSettings = {
				CLANG_ENABLE_MODULES = YES;
				CODE_SIGNING_ALLOWED = NO;
				CODE_SIGN_STYLE = Automatic;
				ENABLE_USER_SCRIPT_SANDBOXING = NO;
				GENERATE_INFOPLIST_FILE = YES;
				LD_RUNPATH_SEARCH_PATHS = "$(inherited) @loader_path/../Frameworks @loader_path/../../Frameworks";
				MACOSX_DEPLOYMENT_TARGET = 14.0;
				PRODUCT_BUNDLE_IDENTIFIER = com.yelog.CalendarProUITests;
				PRODUCT_NAME = "$(TARGET_NAME)";
				SDKROOT = macosx;
				SWIFT_VERSION = 6.0;
				TEST_TARGET_NAME = CalendarPro;
			};
			name = Debug;
		};
		6B373A6AB70A00FAB75EA6E0 /* Release */ = {
			isa = XCBuildConfiguration;
			buildSettings = {
				CLANG_ENABLE_MODULES = YES;
				CODE_SIGNING_ALLOWED = NO;
				CODE_SIGN_STYLE = Automatic;
				ENABLE_USER_SCRIPT_SANDBOXING = NO;
				GENERATE_INFOPLIST_FILE = YES;
				LD_RUNPATH_SEARCH_PATHS = "$(inherited) @loader_path/../Frameworks @loader_path/../../Frameworks";
				MACOSX_DEPLOYMENT_TARGET = 14.0;
				PRODUCT_BUNDLE_IDENTIFIER = com.yelog.CalendarProUITests;
				PRODUCT_NAME = "$(TARGET_NAME)";
				SDKROOT = macosx;
				SWIFT_VERSION = 6.0;
				TEST_TARGET_NAME = CalendarPro;
			};
			name = Release;
		};
		8AC9D3947A92A522EC210333 /* Debug */ = {
			isa = XCBuildConfiguration;
			buildSettings = {
				ASSETCATALOG_COMPILER_APPICON_NAME = AppIcon;
				ASSETCATALOG_COMPILER_GLOBAL_ACCENT_COLOR_NAME = AccentColor;
				CLANG_ENABLE_MODULES = YES;
				CODE_SIGN_ENTITLEMENTS = CalendarPro/CalendarPro.entitlements;
				CODE_SIGN_STYLE = Automatic;
				COMBINE_HIDPI_IMAGES = YES;
				CURRENT_PROJECT_VERSION = 1;
				DEFINES_MODULE = YES;
				ENABLE_USER_SCRIPT_SANDBOXING = NO;
				GENERATE_INFOPLIST_FILE = YES;
				INFOPLIST_KEY_LSUIElement = NO;
				INFOPLIST_KEY_NSCalendarsUsageDescription = "用于显示您的日历日程";
				INFOPLIST_KEY_NSRemindersUsageDescription = "用于显示您的提醒事项";
				LD_RUNPATH_SEARCH_PATHS = "$(inherited) @executable_path/../Frameworks";
				MACOSX_DEPLOYMENT_TARGET = 14.0;
				MARKETING_VERSION = 1.0.0;
				PRODUCT_BUNDLE_IDENTIFIER = com.yelog.CalendarPro;
				PRODUCT_NAME = "$(TARGET_NAME)";
				SDKROOT = macosx;
				SWIFT_EMIT_LOC_STRINGS = YES;
				SWIFT_VERSION = 6.0;
			};
			name = Debug;
		};
		B5118A218B6C8F02C9B95B91 /* Debug */ = {
			isa = XCBuildConfiguration;
			buildSettings = {
				ALWAYS_SEARCH_USER_PATHS = NO;
				CLANG_ANALYZER_NONNULL = YES;
				CLANG_ANALYZER_NUMBER_OBJECT_CONVERSION = YES_AGGRESSIVE;
				CLANG_CXX_LANGUAGE_STANDARD = "gnu++14";
				CLANG_CXX_LIBRARY = "libc++";
				CLANG_ENABLE_MODULES = YES;
				CLANG_ENABLE_OBJC_ARC = YES;
				CLANG_ENABLE_OBJC_WEAK = YES;
				CLANG_WARN_BLOCK_CAPTURE_AUTORELEASING = YES;
				CLANG_WARN_BOOL_CONVERSION = YES;
				CLANG_WARN_COMMA = YES;
				CLANG_WARN_CONSTANT_CONVERSION = YES;
				CLANG_WARN_DEPRECATED_OBJC_IMPLEMENTATIONS = YES;
				CLANG_WARN_DIRECT_OBJC_ISA_USAGE = YES_ERROR;
				CLANG_WARN_DOCUMENTATION_COMMENTS = YES;
				CLANG_WARN_EMPTY_BODY = YES;
				CLANG_WARN_ENUM_CONVERSION = YES;
				CLANG_WARN_INFINITE_RECURSION = YES;
				CLANG_WARN_INT_CONVERSION = YES;
				CLANG_WARN_NON_LITERAL_NULL_CONVERSION = YES;
				CLANG_WARN_OBJC_IMPLICIT_RETAIN_SELF = YES;
				CLANG_WARN_OBJC_LITERAL_CONVERSION = YES;
				CLANG_WARN_OBJC_ROOT_CLASS = YES_ERROR;
				CLANG_WARN_QUOTED_INCLUDE_IN_FRAMEWORK_HEADER = YES;
				CLANG_WARN_RANGE_LOOP_ANALYSIS = YES;
				CLANG_WARN_STRICT_PROTOTYPES = YES;
				CLANG_WARN_SUSPICIOUS_MOVE = YES;
				CLANG_WARN_UNGUARDED_AVAILABILITY = YES_AGGRESSIVE;
				CLANG_WARN_UNREACHABLE_CODE = YES;
				CLANG_WARN__DUPLICATE_METHOD_MATCH = YES;
				COPY_PHASE_STRIP = NO;
				DEBUG_INFORMATION_FORMAT = dwarf;
				ENABLE_STRICT_OBJC_MSGSEND = YES;
				ENABLE_TESTABILITY = YES;
				GCC_C_LANGUAGE_STANDARD = gnu11;
				GCC_DYNAMIC_NO_PIC = NO;
				GCC_NO_COMMON_BLOCKS = YES;
				GCC_OPTIMIZATION_LEVEL = 0;
				GCC_PREPROCESSOR_DEFINITIONS = (
					"DEBUG=1",
					"$(inherited)",
				);
				GCC_WARN_64_TO_32_BIT_CONVERSION = YES;
				GCC_WARN_ABOUT_RETURN_TYPE = YES_ERROR;
				GCC_WARN_UNDECLARED_SELECTOR = YES;
				GCC_WARN_UNINITIALIZED_AUTOS = YES_AGGRESSIVE;
				GCC_WARN_UNUSED_FUNCTION = YES;
				GCC_WARN_UNUSED_VARIABLE = YES;
				MTL_ENABLE_DEBUG_INFO = INCLUDE_SOURCE;
				MTL_FAST_MATH = YES;
				ONLY_ACTIVE_ARCH = YES;
				PRODUCT_NAME = "$(TARGET_NAME)";
				SWIFT_ACTIVE_COMPILATION_CONDITIONS = DEBUG;
				SWIFT_OPTIMIZATION_LEVEL = "-Onone";
				SWIFT_VERSION = 5.0;
			};
			name = Debug;
		};
		B8B34ECFFB5D80A9FD7B2C33 /* Release */ = {
			isa = XCBuildConfiguration;
			buildSettings = {
				BUNDLE_LOADER = "$(TEST_HOST)";
				CLANG_ENABLE_MODULES = YES;
				CODE_SIGNING_ALLOWED = NO;
				CODE_SIGN_STYLE = Automatic;
				ENABLE_USER_SCRIPT_SANDBOXING = NO;
				GENERATE_INFOPLIST_FILE = YES;
				LD_RUNPATH_SEARCH_PATHS = "$(inherited) @loader_path/../Frameworks @loader_path/../../Frameworks";
				MACOSX_DEPLOYMENT_TARGET = 14.0;
				PRODUCT_BUNDLE_IDENTIFIER = com.yelog.CalendarProTests;
				PRODUCT_NAME = "$(TARGET_NAME)";
				SDKROOT = macosx;
				SWIFT_VERSION = 6.0;
				TEST_HOST = "$(BUILT_PRODUCTS_DIR)/CalendarPro.app/Contents/MacOS/CalendarPro";
			};
			name = Release;
		};
		BED2884EA2CF0D8FE4ECC640 /* Debug */ = {
			isa = XCBuildConfiguration;
			buildSettings = {
				BUNDLE_LOADER = "$(TEST_HOST)";
				CLANG_ENABLE_MODULES = YES;
				CODE_SIGNING_ALLOWED = NO;
				CODE_SIGN_STYLE = Automatic;
				ENABLE_USER_SCRIPT_SANDBOXING = NO;
				GENERATE_INFOPLIST_FILE = YES;
				LD_RUNPATH_SEARCH_PATHS = "$(inherited) @loader_path/../Frameworks @loader_path/../../Frameworks";
				MACOSX_DEPLOYMENT_TARGET = 14.0;
				PRODUCT_BUNDLE_IDENTIFIER = com.yelog.CalendarProTests;
				PRODUCT_NAME = "$(TARGET_NAME)";
				SDKROOT = macosx;
				SWIFT_VERSION = 6.0;
				TEST_HOST = "$(BUILT_PRODUCTS_DIR)/CalendarPro.app/Contents/MacOS/CalendarPro";
			};
			name = Debug;
		};
		E610DF0A0654D861056318D1 /* Release */ = {
			isa = XCBuildConfiguration;
			buildSettings = {
				ASSETCATALOG_COMPILER_APPICON_NAME = AppIcon;
				ASSETCATALOG_COMPILER_GLOBAL_ACCENT_COLOR_NAME = AccentColor;
				CLANG_ENABLE_MODULES = YES;
				CODE_SIGN_ENTITLEMENTS = CalendarPro/CalendarPro.entitlements;
				CODE_SIGN_STYLE = Automatic;
				COMBINE_HIDPI_IMAGES = YES;
				CURRENT_PROJECT_VERSION = 1;
				DEFINES_MODULE = YES;
				ENABLE_USER_SCRIPT_SANDBOXING = NO;
				GENERATE_INFOPLIST_FILE = YES;
				INFOPLIST_KEY_LSUIElement = YES;
				INFOPLIST_KEY_NSCalendarsUsageDescription = "用于显示您的日历日程";
				INFOPLIST_KEY_NSRemindersUsageDescription = "用于显示您的提醒事项";
				LD_RUNPATH_SEARCH_PATHS = "$(inherited) @executable_path/../Frameworks";
				MACOSX_DEPLOYMENT_TARGET = 14.0;
				MARKETING_VERSION = 1.0.0;
				PRODUCT_BUNDLE_IDENTIFIER = com.yelog.CalendarPro;
				PRODUCT_NAME = "$(TARGET_NAME)";
				SDKROOT = macosx;
				SWIFT_EMIT_LOC_STRINGS = YES;
				SWIFT_VERSION = 6.0;
			};
			name = Release;
		};
/* End XCBuildConfiguration section */

/* Begin XCConfigurationList section */
		4BCF940AEE1B587EFF03F9BE /* Build configuration list for PBXNativeTarget "CalendarPro" */ = {
			isa = XCConfigurationList;
			buildConfigurations = (
				E610DF0A0654D861056318D1 /* Release */,
				8AC9D3947A92A522EC210333 /* Debug */,
			);
			defaultConfigurationIsVisible = 0;
			defaultConfigurationName = Release;
		};
		4F28BFD800670D5168DC9B2A /* Build configuration list for PBXNativeTarget "CalendarProTests" */ = {
			isa = XCConfigurationList;
			buildConfigurations = (
				B8B34ECFFB5D80A9FD7B2C33 /* Release */,
				BED2884EA2CF0D8FE4ECC640 /* Debug */,
			);
			defaultConfigurationIsVisible = 0;
			defaultConfigurationName = Release;
		};
		89BDEF0DCD024C7090E8F29C /* Build configuration list for PBXNativeTarget "CalendarProUITests" */ = {
			isa = XCConfigurationList;
			buildConfigurations = (
				6B373A6AB70A00FAB75EA6E0 /* Release */,
				5A49BD6A2B3C6E386BBAF4FA /* Debug */,
			);
			defaultConfigurationIsVisible = 0;
			defaultConfigurationName = Release;
		};
		FF209DC5BC6F880480FAA1BE /* Build configuration list for PBXProject "CalendarPro" */ = {
			isa = XCConfigurationList;
			buildConfigurations = (
				B5118A218B6C8F02C9B95B91 /* Debug */,
				44A774190505F93F17B50A7B /* Release */,
			);
			defaultConfigurationIsVisible = 0;
			defaultConfigurationName = Release;
		};
/* End XCConfigurationList section */

/* Begin XCRemoteSwiftPackageReference section */
		C54374F9C48511F2C310CD01 /* XCRemoteSwiftPackageReference "tyme4swift" */ = {
			isa = XCRemoteSwiftPackageReference;
			repositoryURL = "https://github.com/xuanyunhui/tyme4swift";
			requirement = {
				kind = upToNextMajorVersion;
				minimumVersion = 1.4.3;
			};
		};
		D9D35BC10B20017E20D5FBF9 /* XCRemoteSwiftPackageReference "Sparkle" */ = {
			isa = XCRemoteSwiftPackageReference;
			repositoryURL = "https://github.com/sparkle-project/Sparkle";
			requirement = {
				kind = upToNextMajorVersion;
				minimumVersion = 2.6.4;
			};
		};
/* End XCRemoteSwiftPackageReference section */

/* Begin XCSwiftPackageProductDependency section */
		4BB3962B246E2B26B6972141 /* tyme */ = {
			isa = XCSwiftPackageProductDependency;
			package = C54374F9C48511F2C310CD01 /* XCRemoteSwiftPackageReference "tyme4swift" */;
			productName = tyme;
		};
		5FE430E5D02A079ABFCC3E14 /* Sparkle */ = {
			isa = XCSwiftPackageProductDependency;
			package = D9D35BC10B20017E20D5FBF9 /* XCRemoteSwiftPackageReference "Sparkle" */;
			productName = Sparkle;
		};
/* End XCSwiftPackageProductDependency section */
	};
	rootObject = 974098F30F992CFFA856816A /* Project object */;
}
