// !$*UTF8*$!
{
	archiveVersion = 1;
	classes = {
	};
	objectVersion = 46;
	objects = {

/* Begin PBXBuildFile section */
		00AEB156C29553684BE4007B /* EventDetailWindowSizingTests.swift in Sources */ = {isa = PBXBuildFile; fileRef = 653EEB5347A2109AF4D1EEAA /* EventDetailWindowSizingTests.swift */; };
		0135320B39CF3E185DFCED22 /* MonthPickerView.swift in Sources */ = {isa = PBXBuildFile; fileRef = D7208D1FEA7D2AD214756611 /* MonthPickerView.swift */; };
		0385A334AA42F62E5F78E5D1 /* LunarService.swift in Sources */ = {isa = PBXBuildFile; fileRef = B865D8DB2D5857EEC81A0CE2 /* LunarService.swift */; };
		095F878F9181E805478B1ECD /* MeetingActionOpenerTests.swift in Sources */ = {isa = PBXBuildFile; fileRef = 8A96F4EAC3BAC6DFD854C828 /* MeetingActionOpenerTests.swift */; };
		0AC03DFA9F0C6DC2CFEDD88F /* CalendarProTests.swift in Sources */ = {isa = PBXBuildFile; fileRef = 5328DB0ABC686CA949DAE3D8 /* CalendarProTests.swift */; };
		0B1AB61535ECFE677C8DB300 /* HolidayProviderRegistry.swift in Sources */ = {isa = PBXBuildFile; fileRef = E2FBE6FFF054E821B3D3E777 /* HolidayProviderRegistry.swift */; };
		0D1628CAC87CE96FEE1B00C8 /* uk-2026.json in Resources */ = {isa = PBXBuildFile; fileRef = 19B9EC9BCE0C631732555218 /* uk-2026.json */; };
		0DCD1FE4C2CFBD3D2660A710 /* HolidayCacheStore.swift in Sources */ = {isa = PBXBuildFile; fileRef = 7EC21D2D01D73FFA543E3C56 /* HolidayCacheStore.swift */; };
		0DCE84F7F34E6B9F2E5A6341 /* VacationGuideWindowView.swift in Sources */ = {isa = PBXBuildFile; fileRef = 3DEE95CAF45BEF1865AABFD1 /* VacationGuideWindowView.swift */; };
		108C0EC89E9EDAEAC02A314B /* MonthCalendarServiceTests.swift in Sources */ = {isa = PBXBuildFile; fileRef = 6665EDFB489AF3A0BE8781DD /* MonthCalendarServiceTests.swift */; };
		14A01C35ABC8117AB78B5E13 /* CalendarGridView.swift in Sources */ = {isa = PBXBuildFile; fileRef = B5EEDEEBAD4EF0B22D2EA47A /* CalendarGridView.swift */; };
		14E971ECBC1C9FE0B10C4846 /* EventDetailWindowLayoutTests.swift in Sources */ = {isa = PBXBuildFile; fileRef = 8085C6A5C9A8AEAE67C423BF /* EventDetailWindowLayoutTests.swift */; };
		1DE79217EBD9991E046C7A61 /* MeetingActionResolverTests.swift in Sources */ = {isa = PBXBuildFile; fileRef = B19490B8788CB4CD9EDAC38F /* MeetingActionResolverTests.swift */; };
		20B1394EF27FEDCEAE7C254F /* EventService.swift in Sources */ = {isa = PBXBuildFile; fileRef = B5400E03102D6ECEF7326FC0 /* EventService.swift */; };
		2283AA99441179FA0726013F /* CalendarPopoverView.swift in Sources */ = {isa = PBXBuildFile; fileRef = 47CD5964B9EE4A71ADFEA98D /* CalendarPopoverView.swift */; };
		23BA8326F33A257C128D8092 /* MenuBarSettingsView.swift in Sources */ = {isa = PBXBuildFile; fileRef = 783922F4C27F29284FDFB12F /* MenuBarSettingsView.swift */; };
		2410D18F8453C5587B865297 /* MonthHeaderView.swift in Sources */ = {isa = PBXBuildFile; fileRef = B984FDFB120429D79E89535F /* MonthHeaderView.swift */; };
		24413A1568D95F6B2886C46D /* HongKongProvider.swift in Sources */ = {isa = PBXBuildFile; fileRef = 9DA7ECA8EE08EB9FE32ECDA2 /* HongKongProvider.swift */; };
		2719A339B60D3784764C72FD /* ClockRenderService.swift in Sources */ = {isa = PBXBuildFile; fileRef = 929E69189D80362E9A5A9C6C /* ClockRenderService.swift */; };
		28B06FB1B7B446542C11F31C /* GeneralSettingsView.swift in Sources */ = {isa = PBXBuildFile; fileRef = FFC2BB0228B65F5183065B8F /* GeneralSettingsView.swift */; };
		294A25786D520DB5481CEF05 /* EventDetailWindowLayout.swift in Sources */ = {isa = PBXBuildFile; fileRef = 4257A8207E5AC52FFB60FAD1 /* EventDetailWindowLayout.swift */; };
		2FB22EBE73BE1F62D9FCDAC0 /* EventListView.swift in Sources */ = {isa = PBXBuildFile; fileRef = 8D920D0358C46589987175A6 /* EventListView.swift */; };
		325C01331849EDA53BB8B23A /* VacationGuideWindowController.swift in Sources */ = {isa = PBXBuildFile; fileRef = 4172699271169ED0FEA299DE /* VacationGuideWindowController.swift */; };
		347B556304236966F24877BC /* SelectableDetailText.swift in Sources */ = {isa = PBXBuildFile; fileRef = 05B239520C2B980EFF13A04D /* SelectableDetailText.swift */; };
		34868AEF4F60DDBA96333CA7 /* VacationOpportunityCardView.swift in Sources */ = {isa = PBXBuildFile; fileRef = 6E1586476A006073EFFEB023 /* VacationOpportunityCardView.swift */; };
		350172905F72F44EA7E0CC87 /* Localizable.xcstrings in Resources */ = {isa = PBXBuildFile; fileRef = B764847BA2CC7B4B0F6C9B43 /* Localizable.xcstrings */; };
		37A7D27C4DBA9231EF749A27 /* CalendarDay.swift in Sources */ = {isa = PBXBuildFile; fileRef = FD83BE8BA71959F7D18F3F53 /* CalendarDay.swift */; };
		3CB04752D92576F45A1D37E7 /* CalendarProApp.swift in Sources */ = {isa = PBXBuildFile; fileRef = E7B08FD725E2A306C54135AF /* CalendarProApp.swift */; };
		3CF59B33AD346BA86BD1BB1B /* MeetingLinkDetectorTests.swift in Sources */ = {isa = PBXBuildFile; fileRef = 3A1C2D6311047AF52E14DB49 /* MeetingLinkDetectorTests.swift */; };
		43234CF759CEA7D327A83CB7 /* LaunchAtLoginController.swift in Sources */ = {isa = PBXBuildFile; fileRef = A88819BDB6CD3FCE6AE8DCC1 /* LaunchAtLoginController.swift */; };
		4613264D55D8628C6D4BBC16 /* HolidayOccurrence.swift in Sources */ = {isa = PBXBuildFile; fileRef = 934C56DB4C7B572A7567EABE /* HolidayOccurrence.swift */; };
		4826E6E19F83FCCBDBC54151 /* HolidayProvider.swift in Sources */ = {isa = PBXBuildFile; fileRef = F5BA7FCCFB43932338246CD0 /* HolidayProvider.swift */; };
		4D7648ABCCB74AB8E1705294 /* CalendarDayFactoryTests.swift in Sources */ = {isa = PBXBuildFile; fileRef = C815352E016FE7A685E371C2 /* CalendarDayFactoryTests.swift */; };
		4F7F67AB2C688EA26A0754BA /* RegionSettingsViewModelTests.swift in Sources */ = {isa = PBXBuildFile; fileRef = 41C6AD42A17381B0913F18EF /* RegionSettingsViewModelTests.swift */; };
		566935F5C49F0E61605A8940 /* SettingsRootView.swift in Sources */ = {isa = PBXBuildFile; fileRef = CDE2D9D3F9ACFE5571EC8832 /* SettingsRootView.swift */; };
		59F5636F1758BAEA16D0300B /* AppLanguage.swift in Sources */ = {isa = PBXBuildFile; fileRef = 328160F696D2A2BB4ED7E596 /* AppLanguage.swift */; };
		5ADC5CB3EDCD7EAE0BE7E3F5 /* PopoverSurfaceMetrics.swift in Sources */ = {isa = PBXBuildFile; fileRef = ED572A316341EA65CD18AC20 /* PopoverSurfaceMetrics.swift */; };
		5E903EFB69A3EF51E434553A /* EventCardView.swift in Sources */ = {isa = PBXBuildFile; fileRef = 90620185769F9CF5B0C79ED7 /* EventCardView.swift */; };
		5EF7B5A4FBD32DFB9DE172BE /* CalendarPopoverUITests.swift in Sources */ = {isa = PBXBuildFile; fileRef = 524A89C6B4F7135EBD9E7B77 /* CalendarPopoverUITests.swift */; };
		612CED49162176220C9A049E /* UpdateChecker.swift in Sources */ = {isa = PBXBuildFile; fileRef = 13ABFC6712DCC608575DA613 /* UpdateChecker.swift */; };
		61B5FCA0EA213F7ACE18475E /* VacationPlanningServiceTests.swift in Sources */ = {isa = PBXBuildFile; fileRef = BF890B6AF5A66CF3DB309658 /* VacationPlanningServiceTests.swift */; };
		62922159FC713D9D7AD025DD /* hong-kong-2026.json in Resources */ = {isa = PBXBuildFile; fileRef = 7E4E006201DF0D4522F9C072 /* hong-kong-2026.json */; };
		6930BDD7097EB5D3608DCACA /* AlmanacStripView.swift in Sources */ = {isa = PBXBuildFile; fileRef = CAF1C9B28452FDB10166B476 /* AlmanacStripView.swift */; };
		6C15F9D495FE28B9D5C5CBCA /* AlmanacService.swift in Sources */ = {isa = PBXBuildFile; fileRef = A1725AE1763569E01F8E149B /* AlmanacService.swift */; };
		6C69D99B7F56814294DF1515 /* AppLocalization.swift in Sources */ = {isa = PBXBuildFile; fileRef = 8DCD909D5D907101141E5E45 /* AppLocalization.swift */; };
		70381C7135BF70BA63AF34F8 /* ClockRenderServiceTests.swift in Sources */ = {isa = PBXBuildFile; fileRef = 7F0CFC860FC2B20BE49D1F1F /* ClockRenderServiceTests.swift */; };
		726523EEF6F44F23C91A5A12 /* SettingsStore.swift in Sources */ = {isa = PBXBuildFile; fileRef = E9B5FD9A69C221CA5B17795F /* SettingsStore.swift */; };
		732903B20421C437775FE0A7 /* MeetingLinkDetector.swift in Sources */ = {isa = PBXBuildFile; fileRef = BEE7CF52A42399AB3D95CFAE /* MeetingLinkDetector.swift */; };
		73F2822575BA0281ACB2F991 /* CalendarPopoverViewModel.swift in Sources */ = {isa = PBXBuildFile; fileRef = EFEC5C1827D5DC44FA12F51A /* CalendarPopoverViewModel.swift */; };
		740240E8FD7799191F4A1F95 /* MenuBarPreferences.swift in Sources */ = {isa = PBXBuildFile; fileRef = 55143142ECA0B18D4E8F1B49 /* MenuBarPreferences.swift */; };
		7457CEE46482A5DFD6C8A41A /* TraditionalFestivalResolver.swift in Sources */ = {isa = PBXBuildFile; fileRef = 2AADA27F2E72D9913E799AB8 /* TraditionalFestivalResolver.swift */; };
		782B64CEB387FB8271791046 /* HolidayFeedClient.swift in Sources */ = {isa = PBXBuildFile; fileRef = AC05EE71A98BF56AC76C3329 /* HolidayFeedClient.swift */; };
		801657324388FDD6EC34D36E /* MenuBarViewModel.swift in Sources */ = {isa = PBXBuildFile; fileRef = 46DEFBE9FB269ABE6A3B89FE /* MenuBarViewModel.swift */; };
		811E1283A49183A70AF9EB82 /* MenuBarViewModelTests.swift in Sources */ = {isa = PBXBuildFile; fileRef = 3986A2E8B4C0EE2EB7B49F7E /* MenuBarViewModelTests.swift */; };
		83C46FBB8808180CC85588F9 /* UpdateCheckerTests.swift in Sources */ = {isa = PBXBuildFile; fileRef = B8B9C7A2C3FDE3A77A7F925E /* UpdateCheckerTests.swift */; };
		85E9258ABDDBFD062D1148ED /* LunarDateDescriptor.swift in Sources */ = {isa = PBXBuildFile; fileRef = F57C3AB314EB87B8B89F8926 /* LunarDateDescriptor.swift */; };
		868B5FA80BBAFFE21C432817 /* AboutSettingsView.swift in Sources */ = {isa = PBXBuildFile; fileRef = 4F4575CF922970373F709CF2 /* AboutSettingsView.swift */; };
		870FDF2C27053F78A70B8711 /* RegionSettingsViewModel.swift in Sources */ = {isa = PBXBuildFile; fileRef = F868E4C7E357534D6D5FF00F /* RegionSettingsViewModel.swift */; };
		88EECCF68DA8458950F02E40 /* UnitedKingdomProvider.swift in Sources */ = {isa = PBXBuildFile; fileRef = 99341AB9C6EDF06516894F44 /* UnitedKingdomProvider.swift */; };
		89F29F3845DDC6787E397D68 /* ReminderDetailWindowView.swift in Sources */ = {isa = PBXBuildFile; fileRef = E65E902CF06FDECD108C1671 /* ReminderDetailWindowView.swift */; };
		92A66C252570F275DDFCED58 /* CalendarPopoverViewModelTests.swift in Sources */ = {isa = PBXBuildFile; fileRef = 2DEA2FFC7CA6B8318CBF8828 /* CalendarPopoverViewModelTests.swift */; };
		9357D51AE4AE9A73F51122BB /* HolidayResolver.swift in Sources */ = {isa = PBXBuildFile; fileRef = 5B0EF61D0B2B24073716DB3D /* HolidayResolver.swift */; };
		945449DE05C2FBA4052D0A15 /* MonthCalendarService.swift in Sources */ = {isa = PBXBuildFile; fileRef = C70A4207F6E3027E05BEDB59 /* MonthCalendarService.swift */; };
		97B5C16FC9CA22BBCF0E8EC3 /* RootPopoverView.swift in Sources */ = {isa = PBXBuildFile; fileRef = A89B13C946207254C5EFBADD /* RootPopoverView.swift */; };
		97C138D7694A046F87E14599 /* LocaleFeatureAvailability.swift in Sources */ = {isa = PBXBuildFile; fileRef = 54BF9AA5624A0D43B47B31AD /* LocaleFeatureAvailability.swift */; };
		984AC342FBE89A8CE008099C /* us-2025.json in Resources */ = {isa = PBXBuildFile; fileRef = 11CD7E779E76D3690DE7BC7A /* us-2025.json */; };
		9926472CE35E6EAD1928E974 /* MeetingActionOpener.swift in Sources */ = {isa = PBXBuildFile; fileRef = 767A574284CE10859DFE1026 /* MeetingActionOpener.swift */; };
		9A8EB3F416CE1A71EA9FA7E3 /* AppDelegate.swift in Sources */ = {isa = PBXBuildFile; fileRef = 7899FC6DBBE791658243F707 /* AppDelegate.swift */; };
		9B3C820328EC1CBC6BDA2C0C /* EventDetailWindowSizing.swift in Sources */ = {isa = PBXBuildFile; fileRef = 2B81E2BC613FC002FDCFE8DF /* EventDetailWindowSizing.swift */; };
		9EEC78E048EA5CD2211FA86A /* MainlandCNProviderTests.swift in Sources */ = {isa = PBXBuildFile; fileRef = 0E34F37680782EC70A15E1A8 /* MainlandCNProviderTests.swift */; };
		A401A89D9A785336D46FD454 /* EventServiceTests.swift in Sources */ = {isa = PBXBuildFile; fileRef = BF986C484249EAA18E0490DD /* EventServiceTests.swift */; };
		A9B3DAE4458BD52BEE8A5648 /* EventDetailWindowController.swift in Sources */ = {isa = PBXBuildFile; fileRef = 668FAF9EFAF21A75BD03298C /* EventDetailWindowController.swift */; };
		AA8A57E497601E35AC5ACDF4 /* us-2026.json in Resources */ = {isa = PBXBuildFile; fileRef = AD3CF5F17E0B1A8A0D08A7DC /* us-2026.json */; };
		AEC72FDD78EF5493C15C0C47 /* SolarTermResolver.swift in Sources */ = {isa = PBXBuildFile; fileRef = 90B0925834D2F89B346D9425 /* SolarTermResolver.swift */; };
		B032C292C7B2EFAF8EABE8FF /* HolidayFeedManifest.swift in Sources */ = {isa = PBXBuildFile; fileRef = BD804A7E89918E171844919E /* HolidayFeedManifest.swift */; };
		B3F99617AE17CAEAE3D41AF9 /* YearPickerView.swift in Sources */ = {isa = PBXBuildFile; fileRef = E8C55CA8F52A35095FE3FA81 /* YearPickerView.swift */; };
		B4D5AFBE86018AE8A6EDA740 /* RegionSettingsView.swift in Sources */ = {isa = PBXBuildFile; fileRef = B626400B266C1A2D4361111F /* RegionSettingsView.swift */; };
		B502D820511EE1F5469A9C39 /* EventsSettingsView.swift in Sources */ = {isa = PBXBuildFile; fileRef = 1B5746FE37BCEF5130A5F21D /* EventsSettingsView.swift */; };
		C1D6A7C76A9960DC5255274B /* HolidayProviderRegistryTests.swift in Sources */ = {isa = PBXBuildFile; fileRef = 9F936A76D96DE985D347A13F /* HolidayProviderRegistryTests.swift */; };
		C6F4031AEB548F37ECC0325A /* Cocoa.framework in Frameworks */ = {isa = PBXBuildFile; fileRef = F60722B37123C1F655F2847B /* Cocoa.framework */; };
		C74DAD50714264C09315F569 /* Cocoa.framework in Frameworks */ = {isa = PBXBuildFile; fileRef = F60722B37123C1F655F2847B /* Cocoa.framework */; };
		C796E6504BB17BD802DF0A1B /* Cocoa.framework in Frameworks */ = {isa = PBXBuildFile; fileRef = F60722B37123C1F655F2847B /* Cocoa.framework */; };
		C7CD590540B1521416DA1985 /* SettingsStoreTests.swift in Sources */ = {isa = PBXBuildFile; fileRef = 4ADD7E77043FD65FB6ACA974 /* SettingsStoreTests.swift */; };
		C82ACAC3E6B08D18C3087503 /* MeetingActionResolver.swift in Sources */ = {isa = PBXBuildFile; fileRef = 785184F65F59DC2B1C019738 /* MeetingActionResolver.swift */; };
		CB411D787E7B8A66D8795D07 /* LunarServiceTests.swift in Sources */ = {isa = PBXBuildFile; fileRef = BE6EB7491A667B0E6318BF20 /* LunarServiceTests.swift */; };
		CBD0FF8312372B6D631A1AA1 /* MenuBarPreferencesTests.swift in Sources */ = {isa = PBXBuildFile; fileRef = 0B9F30A7A2FD0921DA41647A /* MenuBarPreferencesTests.swift */; };
		CE2132ED7E69CC9BC5BA6996 /* HolidayFeedClientTests.swift in Sources */ = {isa = PBXBuildFile; fileRef = 7D770A4F6FF54FC66AB9C55C /* HolidayFeedClientTests.swift */; };
		D36BF15850A30CB44671FD93 /* EventDetailWindowView.swift in Sources */ = {isa = PBXBuildFile; fileRef = 951FFFFD35D94463146FCE4A /* EventDetailWindowView.swift */; };
		D671BF6512D39366C68D3B2E /* LaunchAtLoginControllerTests.swift in Sources */ = {isa = PBXBuildFile; fileRef = 04F4340E56FC3090D54322C7 /* LaunchAtLoginControllerTests.swift */; };
		D780F120AB795E26D37419C2 /* UnitedStatesProvider.swift in Sources */ = {isa = PBXBuildFile; fileRef = 0816BF89D1A26145665B5C6B /* UnitedStatesProvider.swift */; };
		D9D25952D9722C8C79E3D3C3 /* VacationPlanningService.swift in Sources */ = {isa = PBXBuildFile; fileRef = 2B1F91217F9E375107FF1A96 /* VacationPlanningService.swift */; };
		DB94F8318FD5BF40E8B9B9AA /* CalendarItemTests.swift in Sources */ = {isa = PBXBuildFile; fileRef = 2140C30F46B7BBF12CFE3152 /* CalendarItemTests.swift */; };
		DE1FE4378BCE91E82C3C5049 /* StatusBarController.swift in Sources */ = {isa = PBXBuildFile; fileRef = E1EBC551E2C938F75648C535 /* StatusBarController.swift */; };
		E8D9F0D9D73C0413CAECE88D /* Assets.xcassets in Resources */ = {isa = PBXBuildFile; fileRef = 4FA8AB95BF1F5BD98D3F1321 /* Assets.xcassets */; };
		E9851EA808EE188CF686E9EB /* mainland-cn-2026.json in Resources */ = {isa = PBXBuildFile; fileRef = 67127E24F80CC73DC837ADE5 /* mainland-cn-2026.json */; };
		EA9F06065D448D0467FEB8AA /* uk-2025.json in Resources */ = {isa = PBXBuildFile; fileRef = C93BEA602F028C05B1B5BB28 /* uk-2025.json */; };
		EC6302D2CA98C64CFE012B78 /* VacationOpportunity.swift in Sources */ = {isa = PBXBuildFile; fileRef = 2D525D4DC006A382C204972B /* VacationOpportunity.swift */; };
		EF6D00C93993EC5707CA4FDF /* CalendarDayFactory.swift in Sources */ = {isa = PBXBuildFile; fileRef = 899F77FD2E5AC7480E052FF8 /* CalendarDayFactory.swift */; };
		F16E119B8D70A5A27F14A722 /* CalendarItem.swift in Sources */ = {isa = PBXBuildFile; fileRef = 45817E8E98FE7F0F4AF983A1 /* CalendarItem.swift */; };
		F5D67CE99BB297EB8AC9F793 /* PopoverController.swift in Sources */ = {isa = PBXBuildFile; fileRef = 54D6171F07DF0A5F225926F2 /* PopoverController.swift */; };
		FEC0A4852856B4F3F8EC454E /* MainlandCNProvider.swift in Sources */ = {isa = PBXBuildFile; fileRef = 2F4AD2B7BD487FC91F177E88 /* MainlandCNProvider.swift */; };
/* End PBXBuildFile section */

/* Begin PBXContainerItemProxy section */
		AF499AA4F3FFF76A372859C5 /* PBXContainerItemProxy */ = {
			isa = PBXContainerItemProxy;
			containerPortal = 1F607940802B5F297277F05C /* Project object */;
			proxyType = 1;
			remoteGlobalIDString = 2995A3B2DC5D53F0BEAC3E64;
			remoteInfo = CalendarPro;
		};
		EBD3ED1C3B2E741BAA621C4F /* PBXContainerItemProxy */ = {
			isa = PBXContainerItemProxy;
			containerPortal = 1F607940802B5F297277F05C /* Project object */;
			proxyType = 1;
			remoteGlobalIDString = 2995A3B2DC5D53F0BEAC3E64;
			remoteInfo = CalendarPro;
		};
/* End PBXContainerItemProxy section */

/* Begin PBXFileReference section */
		04F4340E56FC3090D54322C7 /* LaunchAtLoginControllerTests.swift */ = {isa = PBXFileReference; includeInIndex = 1; lastKnownFileType = sourcecode.swift; path = LaunchAtLoginControllerTests.swift; sourceTree = "<group>"; };
		05B239520C2B980EFF13A04D /* SelectableDetailText.swift */ = {isa = PBXFileReference; includeInIndex = 1; lastKnownFileType = sourcecode.swift; path = SelectableDetailText.swift; sourceTree = "<group>"; };
		0816BF89D1A26145665B5C6B /* UnitedStatesProvider.swift */ = {isa = PBXFileReference; includeInIndex = 1; lastKnownFileType = sourcecode.swift; path = UnitedStatesProvider.swift; sourceTree = "<group>"; };
		0B9F30A7A2FD0921DA41647A /* MenuBarPreferencesTests.swift */ = {isa = PBXFileReference; includeInIndex = 1; lastKnownFileType = sourcecode.swift; path = MenuBarPreferencesTests.swift; sourceTree = "<group>"; };
		0DB652940E69746A2A95B476 /* CalendarProTests.xctest */ = {isa = PBXFileReference; explicitFileType = wrapper.cfbundle; includeInIndex = 0; path = CalendarProTests.xctest; sourceTree = BUILT_PRODUCTS_DIR; };
		0E34F37680782EC70A15E1A8 /* MainlandCNProviderTests.swift */ = {isa = PBXFileReference; includeInIndex = 1; lastKnownFileType = sourcecode.swift; path = MainlandCNProviderTests.swift; sourceTree = "<group>"; };
		11CD7E779E76D3690DE7BC7A /* us-2025.json */ = {isa = PBXFileReference; includeInIndex = 1; path = "us-2025.json"; sourceTree = "<group>"; };
		13ABFC6712DCC608575DA613 /* UpdateChecker.swift */ = {isa = PBXFileReference; includeInIndex = 1; lastKnownFileType = sourcecode.swift; path = UpdateChecker.swift; sourceTree = "<group>"; };
		19B9EC9BCE0C631732555218 /* uk-2026.json */ = {isa = PBXFileReference; includeInIndex = 1; path = "uk-2026.json"; sourceTree = "<group>"; };
		1B11E2DEE318488C16FB3360 /* CalendarPro.entitlements */ = {isa = PBXFileReference; includeInIndex = 1; lastKnownFileType = text.plist.entitlements; path = CalendarPro.entitlements; sourceTree = "<group>"; };
		1B5746FE37BCEF5130A5F21D /* EventsSettingsView.swift */ = {isa = PBXFileReference; includeInIndex = 1; lastKnownFileType = sourcecode.swift; path = EventsSettingsView.swift; sourceTree = "<group>"; };
		1FBF521C1DAAC89F33AA0253 /* CalendarProUITests.xctest */ = {isa = PBXFileReference; explicitFileType = wrapper.cfbundle; includeInIndex = 0; path = CalendarProUITests.xctest; sourceTree = BUILT_PRODUCTS_DIR; };
		2140C30F46B7BBF12CFE3152 /* CalendarItemTests.swift */ = {isa = PBXFileReference; includeInIndex = 1; lastKnownFileType = sourcecode.swift; path = CalendarItemTests.swift; sourceTree = "<group>"; };
		2AADA27F2E72D9913E799AB8 /* TraditionalFestivalResolver.swift */ = {isa = PBXFileReference; includeInIndex = 1; lastKnownFileType = sourcecode.swift; path = TraditionalFestivalResolver.swift; sourceTree = "<group>"; };
		2B1F91217F9E375107FF1A96 /* VacationPlanningService.swift */ = {isa = PBXFileReference; includeInIndex = 1; lastKnownFileType = sourcecode.swift; path = VacationPlanningService.swift; sourceTree = "<group>"; };
		2B81E2BC613FC002FDCFE8DF /* EventDetailWindowSizing.swift */ = {isa = PBXFileReference; includeInIndex = 1; lastKnownFileType = sourcecode.swift; path = EventDetailWindowSizing.swift; sourceTree = "<group>"; };
		2D525D4DC006A382C204972B /* VacationOpportunity.swift */ = {isa = PBXFileReference; includeInIndex = 1; lastKnownFileType = sourcecode.swift; path = VacationOpportunity.swift; sourceTree = "<group>"; };
		2DEA2FFC7CA6B8318CBF8828 /* CalendarPopoverViewModelTests.swift */ = {isa = PBXFileReference; includeInIndex = 1; lastKnownFileType = sourcecode.swift; path = CalendarPopoverViewModelTests.swift; sourceTree = "<group>"; };
		2F4AD2B7BD487FC91F177E88 /* MainlandCNProvider.swift */ = {isa = PBXFileReference; includeInIndex = 1; lastKnownFileType = sourcecode.swift; path = MainlandCNProvider.swift; sourceTree = "<group>"; };
		328160F696D2A2BB4ED7E596 /* AppLanguage.swift */ = {isa = PBXFileReference; includeInIndex = 1; lastKnownFileType = sourcecode.swift; path = AppLanguage.swift; sourceTree = "<group>"; };
		3986A2E8B4C0EE2EB7B49F7E /* MenuBarViewModelTests.swift */ = {isa = PBXFileReference; includeInIndex = 1; lastKnownFileType = sourcecode.swift; path = MenuBarViewModelTests.swift; sourceTree = "<group>"; };
		3A1C2D6311047AF52E14DB49 /* MeetingLinkDetectorTests.swift */ = {isa = PBXFileReference; includeInIndex = 1; lastKnownFileType = sourcecode.swift; path = MeetingLinkDetectorTests.swift; sourceTree = "<group>"; };
		3DEE95CAF45BEF1865AABFD1 /* VacationGuideWindowView.swift */ = {isa = PBXFileReference; includeInIndex = 1; lastKnownFileType = sourcecode.swift; path = VacationGuideWindowView.swift; sourceTree = "<group>"; };
		4172699271169ED0FEA299DE /* VacationGuideWindowController.swift */ = {isa = PBXFileReference; includeInIndex = 1; lastKnownFileType = sourcecode.swift; path = VacationGuideWindowController.swift; sourceTree = "<group>"; };
		41C6AD42A17381B0913F18EF /* RegionSettingsViewModelTests.swift */ = {isa = PBXFileReference; includeInIndex = 1; lastKnownFileType = sourcecode.swift; path = RegionSettingsViewModelTests.swift; sourceTree = "<group>"; };
		4257A8207E5AC52FFB60FAD1 /* EventDetailWindowLayout.swift */ = {isa = PBXFileReference; includeInIndex = 1; lastKnownFileType = sourcecode.swift; path = EventDetailWindowLayout.swift; sourceTree = "<group>"; };
		45817E8E98FE7F0F4AF983A1 /* CalendarItem.swift */ = {isa = PBXFileReference; includeInIndex = 1; lastKnownFileType = sourcecode.swift; path = CalendarItem.swift; sourceTree = "<group>"; };
		46DEFBE9FB269ABE6A3B89FE /* MenuBarViewModel.swift */ = {isa = PBXFileReference; includeInIndex = 1; lastKnownFileType = sourcecode.swift; path = MenuBarViewModel.swift; sourceTree = "<group>"; };
		47CD5964B9EE4A71ADFEA98D /* CalendarPopoverView.swift */ = {isa = PBXFileReference; includeInIndex = 1; lastKnownFileType = sourcecode.swift; path = CalendarPopoverView.swift; sourceTree = "<group>"; };
		4ADD7E77043FD65FB6ACA974 /* SettingsStoreTests.swift */ = {isa = PBXFileReference; includeInIndex = 1; lastKnownFileType = sourcecode.swift; path = SettingsStoreTests.swift; sourceTree = "<group>"; };
		4F4575CF922970373F709CF2 /* AboutSettingsView.swift */ = {isa = PBXFileReference; includeInIndex = 1; lastKnownFileType = sourcecode.swift; path = AboutSettingsView.swift; sourceTree = "<group>"; };
		4FA8AB95BF1F5BD98D3F1321 /* Assets.xcassets */ = {isa = PBXFileReference; includeInIndex = 1; lastKnownFileType = folder.assetcatalog; path = Assets.xcassets; sourceTree = "<group>"; };
		524A89C6B4F7135EBD9E7B77 /* CalendarPopoverUITests.swift */ = {isa = PBXFileReference; includeInIndex = 1; lastKnownFileType = sourcecode.swift; path = CalendarPopoverUITests.swift; sourceTree = "<group>"; };
		5328DB0ABC686CA949DAE3D8 /* CalendarProTests.swift */ = {isa = PBXFileReference; includeInIndex = 1; lastKnownFileType = sourcecode.swift; path = CalendarProTests.swift; sourceTree = "<group>"; };
		54BF9AA5624A0D43B47B31AD /* LocaleFeatureAvailability.swift */ = {isa = PBXFileReference; includeInIndex = 1; lastKnownFileType = sourcecode.swift; path = LocaleFeatureAvailability.swift; sourceTree = "<group>"; };
		54D6171F07DF0A5F225926F2 /* PopoverController.swift */ = {isa = PBXFileReference; includeInIndex = 1; lastKnownFileType = sourcecode.swift; path = PopoverController.swift; sourceTree = "<group>"; };
		55143142ECA0B18D4E8F1B49 /* MenuBarPreferences.swift */ = {isa = PBXFileReference; includeInIndex = 1; lastKnownFileType = sourcecode.swift; path = MenuBarPreferences.swift; sourceTree = "<group>"; };
		5B0EF61D0B2B24073716DB3D /* HolidayResolver.swift */ = {isa = PBXFileReference; includeInIndex = 1; lastKnownFileType = sourcecode.swift; path = HolidayResolver.swift; sourceTree = "<group>"; };
		653EEB5347A2109AF4D1EEAA /* EventDetailWindowSizingTests.swift */ = {isa = PBXFileReference; includeInIndex = 1; lastKnownFileType = sourcecode.swift; path = EventDetailWindowSizingTests.swift; sourceTree = "<group>"; };
		6665EDFB489AF3A0BE8781DD /* MonthCalendarServiceTests.swift */ = {isa = PBXFileReference; includeInIndex = 1; lastKnownFileType = sourcecode.swift; path = MonthCalendarServiceTests.swift; sourceTree = "<group>"; };
		668FAF9EFAF21A75BD03298C /* EventDetailWindowController.swift */ = {isa = PBXFileReference; includeInIndex = 1; lastKnownFileType = sourcecode.swift; path = EventDetailWindowController.swift; sourceTree = "<group>"; };
		67127E24F80CC73DC837ADE5 /* mainland-cn-2026.json */ = {isa = PBXFileReference; includeInIndex = 1; path = "mainland-cn-2026.json"; sourceTree = "<group>"; };
		6E1586476A006073EFFEB023 /* VacationOpportunityCardView.swift */ = {isa = PBXFileReference; includeInIndex = 1; lastKnownFileType = sourcecode.swift; path = VacationOpportunityCardView.swift; sourceTree = "<group>"; };
		73456ECFC655C00F2E3627F7 /* CalendarPro.app */ = {isa = PBXFileReference; explicitFileType = wrapper.application; includeInIndex = 0; path = CalendarPro.app; sourceTree = BUILT_PRODUCTS_DIR; };
		767A574284CE10859DFE1026 /* MeetingActionOpener.swift */ = {isa = PBXFileReference; includeInIndex = 1; lastKnownFileType = sourcecode.swift; path = MeetingActionOpener.swift; sourceTree = "<group>"; };
		783922F4C27F29284FDFB12F /* MenuBarSettingsView.swift */ = {isa = PBXFileReference; includeInIndex = 1; lastKnownFileType = sourcecode.swift; path = MenuBarSettingsView.swift; sourceTree = "<group>"; };
		785184F65F59DC2B1C019738 /* MeetingActionResolver.swift */ = {isa = PBXFileReference; includeInIndex = 1; lastKnownFileType = sourcecode.swift; path = MeetingActionResolver.swift; sourceTree = "<group>"; };
		7899FC6DBBE791658243F707 /* AppDelegate.swift */ = {isa = PBXFileReference; includeInIndex = 1; lastKnownFileType = sourcecode.swift; path = AppDelegate.swift; sourceTree = "<group>"; };
		7D770A4F6FF54FC66AB9C55C /* HolidayFeedClientTests.swift */ = {isa = PBXFileReference; includeInIndex = 1; lastKnownFileType = sourcecode.swift; path = HolidayFeedClientTests.swift; sourceTree = "<group>"; };
		7E4E006201DF0D4522F9C072 /* hong-kong-2026.json */ = {isa = PBXFileReference; includeInIndex = 1; path = "hong-kong-2026.json"; sourceTree = "<group>"; };
		7EC21D2D01D73FFA543E3C56 /* HolidayCacheStore.swift */ = {isa = PBXFileReference; includeInIndex = 1; lastKnownFileType = sourcecode.swift; path = HolidayCacheStore.swift; sourceTree = "<group>"; };
		7F0CFC860FC2B20BE49D1F1F /* ClockRenderServiceTests.swift */ = {isa = PBXFileReference; includeInIndex = 1; lastKnownFileType = sourcecode.swift; path = ClockRenderServiceTests.swift; sourceTree = "<group>"; };
		8085C6A5C9A8AEAE67C423BF /* EventDetailWindowLayoutTests.swift */ = {isa = PBXFileReference; includeInIndex = 1; lastKnownFileType = sourcecode.swift; path = EventDetailWindowLayoutTests.swift; sourceTree = "<group>"; };
		899F77FD2E5AC7480E052FF8 /* CalendarDayFactory.swift */ = {isa = PBXFileReference; includeInIndex = 1; lastKnownFileType = sourcecode.swift; path = CalendarDayFactory.swift; sourceTree = "<group>"; };
		8A96F4EAC3BAC6DFD854C828 /* MeetingActionOpenerTests.swift */ = {isa = PBXFileReference; includeInIndex = 1; lastKnownFileType = sourcecode.swift; path = MeetingActionOpenerTests.swift; sourceTree = "<group>"; };
		8D920D0358C46589987175A6 /* EventListView.swift */ = {isa = PBXFileReference; includeInIndex = 1; lastKnownFileType = sourcecode.swift; path = EventListView.swift; sourceTree = "<group>"; };
		8DCD909D5D907101141E5E45 /* AppLocalization.swift */ = {isa = PBXFileReference; includeInIndex = 1; lastKnownFileType = sourcecode.swift; path = AppLocalization.swift; sourceTree = "<group>"; };
		90620185769F9CF5B0C79ED7 /* EventCardView.swift */ = {isa = PBXFileReference; includeInIndex = 1; lastKnownFileType = sourcecode.swift; path = EventCardView.swift; sourceTree = "<group>"; };
		90B0925834D2F89B346D9425 /* SolarTermResolver.swift */ = {isa = PBXFileReference; includeInIndex = 1; lastKnownFileType = sourcecode.swift; path = SolarTermResolver.swift; sourceTree = "<group>"; };
		929E69189D80362E9A5A9C6C /* ClockRenderService.swift */ = {isa = PBXFileReference; includeInIndex = 1; lastKnownFileType = sourcecode.swift; path = ClockRenderService.swift; sourceTree = "<group>"; };
		934C56DB4C7B572A7567EABE /* HolidayOccurrence.swift */ = {isa = PBXFileReference; includeInIndex = 1; lastKnownFileType = sourcecode.swift; path = HolidayOccurrence.swift; sourceTree = "<group>"; };
		951FFFFD35D94463146FCE4A /* EventDetailWindowView.swift */ = {isa = PBXFileReference; includeInIndex = 1; lastKnownFileType = sourcecode.swift; path = EventDetailWindowView.swift; sourceTree = "<group>"; };
		99341AB9C6EDF06516894F44 /* UnitedKingdomProvider.swift */ = {isa = PBXFileReference; includeInIndex = 1; lastKnownFileType = sourcecode.swift; path = UnitedKingdomProvider.swift; sourceTree = "<group>"; };
		9DA7ECA8EE08EB9FE32ECDA2 /* HongKongProvider.swift */ = {isa = PBXFileReference; includeInIndex = 1; lastKnownFileType = sourcecode.swift; path = HongKongProvider.swift; sourceTree = "<group>"; };
		9F936A76D96DE985D347A13F /* HolidayProviderRegistryTests.swift */ = {isa = PBXFileReference; includeInIndex = 1; lastKnownFileType = sourcecode.swift; path = HolidayProviderRegistryTests.swift; sourceTree = "<group>"; };
		A1725AE1763569E01F8E149B /* AlmanacService.swift */ = {isa = PBXFileReference; includeInIndex = 1; lastKnownFileType = sourcecode.swift; path = AlmanacService.swift; sourceTree = "<group>"; };
		A88819BDB6CD3FCE6AE8DCC1 /* LaunchAtLoginController.swift */ = {isa = PBXFileReference; includeInIndex = 1; lastKnownFileType = sourcecode.swift; path = LaunchAtLoginController.swift; sourceTree = "<group>"; };
		A89B13C946207254C5EFBADD /* RootPopoverView.swift */ = {isa = PBXFileReference; includeInIndex = 1; lastKnownFileType = sourcecode.swift; path = RootPopoverView.swift; sourceTree = "<group>"; };
		AC05EE71A98BF56AC76C3329 /* HolidayFeedClient.swift */ = {isa = PBXFileReference; includeInIndex = 1; lastKnownFileType = sourcecode.swift; path = HolidayFeedClient.swift; sourceTree = "<group>"; };
		AD3CF5F17E0B1A8A0D08A7DC /* us-2026.json */ = {isa = PBXFileReference; includeInIndex = 1; path = "us-2026.json"; sourceTree = "<group>"; };
		B19490B8788CB4CD9EDAC38F /* MeetingActionResolverTests.swift */ = {isa = PBXFileReference; includeInIndex = 1; lastKnownFileType = sourcecode.swift; path = MeetingActionResolverTests.swift; sourceTree = "<group>"; };
		B5400E03102D6ECEF7326FC0 /* EventService.swift */ = {isa = PBXFileReference; includeInIndex = 1; lastKnownFileType = sourcecode.swift; path = EventService.swift; sourceTree = "<group>"; };
		B5EEDEEBAD4EF0B22D2EA47A /* CalendarGridView.swift */ = {isa = PBXFileReference; includeInIndex = 1; lastKnownFileType = sourcecode.swift; path = CalendarGridView.swift; sourceTree = "<group>"; };
		B626400B266C1A2D4361111F /* RegionSettingsView.swift */ = {isa = PBXFileReference; includeInIndex = 1; lastKnownFileType = sourcecode.swift; path = RegionSettingsView.swift; sourceTree = "<group>"; };
		B764847BA2CC7B4B0F6C9B43 /* Localizable.xcstrings */ = {isa = PBXFileReference; includeInIndex = 1; path = Localizable.xcstrings; sourceTree = "<group>"; };
		B865D8DB2D5857EEC81A0CE2 /* LunarService.swift */ = {isa = PBXFileReference; includeInIndex = 1; lastKnownFileType = sourcecode.swift; path = LunarService.swift; sourceTree = "<group>"; };
		B8B9C7A2C3FDE3A77A7F925E /* UpdateCheckerTests.swift */ = {isa = PBXFileReference; includeInIndex = 1; lastKnownFileType = sourcecode.swift; path = UpdateCheckerTests.swift; sourceTree = "<group>"; };
		B984FDFB120429D79E89535F /* MonthHeaderView.swift */ = {isa = PBXFileReference; includeInIndex = 1; lastKnownFileType = sourcecode.swift; path = MonthHeaderView.swift; sourceTree = "<group>"; };
		BD804A7E89918E171844919E /* HolidayFeedManifest.swift */ = {isa = PBXFileReference; includeInIndex = 1; lastKnownFileType = sourcecode.swift; path = HolidayFeedManifest.swift; sourceTree = "<group>"; };
		BE6EB7491A667B0E6318BF20 /* LunarServiceTests.swift */ = {isa = PBXFileReference; includeInIndex = 1; lastKnownFileType = sourcecode.swift; path = LunarServiceTests.swift; sourceTree = "<group>"; };
		BEE7CF52A42399AB3D95CFAE /* MeetingLinkDetector.swift */ = {isa = PBXFileReference; includeInIndex = 1; lastKnownFileType = sourcecode.swift; path = MeetingLinkDetector.swift; sourceTree = "<group>"; };
		BF890B6AF5A66CF3DB309658 /* VacationPlanningServiceTests.swift */ = {isa = PBXFileReference; includeInIndex = 1; lastKnownFileType = sourcecode.swift; path = VacationPlanningServiceTests.swift; sourceTree = "<group>"; };
		BF986C484249EAA18E0490DD /* EventServiceTests.swift */ = {isa = PBXFileReference; includeInIndex = 1; lastKnownFileType = sourcecode.swift; path = EventServiceTests.swift; sourceTree = "<group>"; };
		C70A4207F6E3027E05BEDB59 /* MonthCalendarService.swift */ = {isa = PBXFileReference; includeInIndex = 1; lastKnownFileType = sourcecode.swift; path = MonthCalendarService.swift; sourceTree = "<group>"; };
		C815352E016FE7A685E371C2 /* CalendarDayFactoryTests.swift */ = {isa = PBXFileReference; includeInIndex = 1; lastKnownFileType = sourcecode.swift; path = CalendarDayFactoryTests.swift; sourceTree = "<group>"; };
		C93BEA602F028C05B1B5BB28 /* uk-2025.json */ = {isa = PBXFileReference; includeInIndex = 1; path = "uk-2025.json"; sourceTree = "<group>"; };
		CAF1C9B28452FDB10166B476 /* AlmanacStripView.swift */ = {isa = PBXFileReference; includeInIndex = 1; lastKnownFileType = sourcecode.swift; path = AlmanacStripView.swift; sourceTree = "<group>"; };
		CDE2D9D3F9ACFE5571EC8832 /* SettingsRootView.swift */ = {isa = PBXFileReference; includeInIndex = 1; lastKnownFileType = sourcecode.swift; path = SettingsRootView.swift; sourceTree = "<group>"; };
		D7208D1FEA7D2AD214756611 /* MonthPickerView.swift */ = {isa = PBXFileReference; includeInIndex = 1; lastKnownFileType = sourcecode.swift; path = MonthPickerView.swift; sourceTree = "<group>"; };
		E1EBC551E2C938F75648C535 /* StatusBarController.swift */ = {isa = PBXFileReference; includeInIndex = 1; lastKnownFileType = sourcecode.swift; path = StatusBarController.swift; sourceTree = "<group>"; };
		E2FBE6FFF054E821B3D3E777 /* HolidayProviderRegistry.swift */ = {isa = PBXFileReference; includeInIndex = 1; lastKnownFileType = sourcecode.swift; path = HolidayProviderRegistry.swift; sourceTree = "<group>"; };
		E65E902CF06FDECD108C1671 /* ReminderDetailWindowView.swift */ = {isa = PBXFileReference; includeInIndex = 1; lastKnownFileType = sourcecode.swift; path = ReminderDetailWindowView.swift; sourceTree = "<group>"; };
		E7B08FD725E2A306C54135AF /* CalendarProApp.swift */ = {isa = PBXFileReference; includeInIndex = 1; lastKnownFileType = sourcecode.swift; path = CalendarProApp.swift; sourceTree = "<group>"; };
		E8C55CA8F52A35095FE3FA81 /* YearPickerView.swift */ = {isa = PBXFileReference; includeInIndex = 1; lastKnownFileType = sourcecode.swift; path = YearPickerView.swift; sourceTree = "<group>"; };
		E9B5FD9A69C221CA5B17795F /* SettingsStore.swift */ = {isa = PBXFileReference; includeInIndex = 1; lastKnownFileType = sourcecode.swift; path = SettingsStore.swift; sourceTree = "<group>"; };
		ED572A316341EA65CD18AC20 /* PopoverSurfaceMetrics.swift */ = {isa = PBXFileReference; includeInIndex = 1; lastKnownFileType = sourcecode.swift; path = PopoverSurfaceMetrics.swift; sourceTree = "<group>"; };
		EFEC5C1827D5DC44FA12F51A /* CalendarPopoverViewModel.swift */ = {isa = PBXFileReference; includeInIndex = 1; lastKnownFileType = sourcecode.swift; path = CalendarPopoverViewModel.swift; sourceTree = "<group>"; };
		F57C3AB314EB87B8B89F8926 /* LunarDateDescriptor.swift */ = {isa = PBXFileReference; includeInIndex = 1; lastKnownFileType = sourcecode.swift; path = LunarDateDescriptor.swift; sourceTree = "<group>"; };
		F5BA7FCCFB43932338246CD0 /* HolidayProvider.swift */ = {isa = PBXFileReference; includeInIndex = 1; lastKnownFileType = sourcecode.swift; path = HolidayProvider.swift; sourceTree = "<group>"; };
		F60722B37123C1F655F2847B /* Cocoa.framework */ = {isa = PBXFileReference; lastKnownFileType = wrapper.framework; name = Cocoa.framework; path = Platforms/MacOSX.platform/Developer/SDKs/MacOSX15.0.sdk/System/Library/Frameworks/Cocoa.framework; sourceTree = DEVELOPER_DIR; };
		F868E4C7E357534D6D5FF00F /* RegionSettingsViewModel.swift */ = {isa = PBXFileReference; includeInIndex = 1; lastKnownFileType = sourcecode.swift; path = RegionSettingsViewModel.swift; sourceTree = "<group>"; };
		FD83BE8BA71959F7D18F3F53 /* CalendarDay.swift */ = {isa = PBXFileReference; includeInIndex = 1; lastKnownFileType = sourcecode.swift; path = CalendarDay.swift; sourceTree = "<group>"; };
		FFC2BB0228B65F5183065B8F /* GeneralSettingsView.swift */ = {isa = PBXFileReference; includeInIndex = 1; lastKnownFileType = sourcecode.swift; path = GeneralSettingsView.swift; sourceTree = "<group>"; };
/* End PBXFileReference section */

/* Begin PBXFrameworksBuildPhase section */
		2B491168E668B6EDA42A65FD /* Frameworks */ = {
			isa = PBXFrameworksBuildPhase;
			buildActionMask = 2147483647;
			files = (
				C6F4031AEB548F37ECC0325A /* Cocoa.framework in Frameworks */,
			);
			runOnlyForDeploymentPostprocessing = 0;
		};
		D21E7E98AEDCD4F08832E772 /* Frameworks */ = {
			isa = PBXFrameworksBuildPhase;
			buildActionMask = 2147483647;
			files = (
				C796E6504BB17BD802DF0A1B /* Cocoa.framework in Frameworks */,
			);
			runOnlyForDeploymentPostprocessing = 0;
		};
		F0DA045F0428B04934932D05 /* Frameworks */ = {
			isa = PBXFrameworksBuildPhase;
			buildActionMask = 2147483647;
			files = (
				C74DAD50714264C09315F569 /* Cocoa.framework in Frameworks */,
			);
			runOnlyForDeploymentPostprocessing = 0;
		};
/* End PBXFrameworksBuildPhase section */

/* Begin PBXGroup section */
		06896AA3C45C6F3ACDC25422 /* Popover */ = {
			isa = PBXGroup;
			children = (
				CAF1C9B28452FDB10166B476 /* AlmanacStripView.swift */,
				B5EEDEEBAD4EF0B22D2EA47A /* CalendarGridView.swift */,
				47CD5964B9EE4A71ADFEA98D /* CalendarPopoverView.swift */,
				EFEC5C1827D5DC44FA12F51A /* CalendarPopoverViewModel.swift */,
				90620185769F9CF5B0C79ED7 /* EventCardView.swift */,
				951FFFFD35D94463146FCE4A /* EventDetailWindowView.swift */,
				8D920D0358C46589987175A6 /* EventListView.swift */,
				B984FDFB120429D79E89535F /* MonthHeaderView.swift */,
				D7208D1FEA7D2AD214756611 /* MonthPickerView.swift */,
				ED572A316341EA65CD18AC20 /* PopoverSurfaceMetrics.swift */,
				E65E902CF06FDECD108C1671 /* ReminderDetailWindowView.swift */,
				05B239520C2B980EFF13A04D /* SelectableDetailText.swift */,
				3DEE95CAF45BEF1865AABFD1 /* VacationGuideWindowView.swift */,
				6E1586476A006073EFFEB023 /* VacationOpportunityCardView.swift */,
				E8C55CA8F52A35095FE3FA81 /* YearPickerView.swift */,
			);
			name = Popover;
			path = Popover;
			sourceTree = "<group>";
		};
		0A6EA06BEFC4DD7D1E319A34 /* Lunar */ = {
			isa = PBXGroup;
			children = (
				BE6EB7491A667B0E6318BF20 /* LunarServiceTests.swift */,
			);
			name = Lunar;
			path = Lunar;
			sourceTree = "<group>";
		};
		129C82C2656C104944B74FAB /* VacationPlanning */ = {
			isa = PBXGroup;
			children = (
				BF890B6AF5A66CF3DB309658 /* VacationPlanningServiceTests.swift */,
			);
			name = VacationPlanning;
			path = VacationPlanning;
			sourceTree = "<group>";
		};
		12AB2B4458B82E6A8EA901C8 /* uk */ = {
			isa = PBXGroup;
			children = (
				C93BEA602F028C05B1B5BB28 /* uk-2025.json */,
				19B9EC9BCE0C631732555218 /* uk-2026.json */,
			);
			name = uk;
			path = uk;
			sourceTree = "<group>";
		};
		1357ADA1DF35940308CDDBAC /* Data */ = {
			isa = PBXGroup;
			children = (
				7D770A4F6FF54FC66AB9C55C /* HolidayFeedClientTests.swift */,
			);
			name = Data;
			path = Data;
			sourceTree = "<group>";
		};
		1C8ACB28E5B12E0011D9DA16 /* Infrastructure */ = {
			isa = PBXGroup;
			children = (
				328160F696D2A2BB4ED7E596 /* AppLanguage.swift */,
				8DCD909D5D907101141E5E45 /* AppLocalization.swift */,
				D022A7CFA6339CDEB6866C6E /* Data */,
				54BF9AA5624A0D43B47B31AD /* LocaleFeatureAvailability.swift */,
			);
			name = Infrastructure;
			path = Infrastructure;
			sourceTree = "<group>";
		};
		2A83936658F4FCFE351E1BBC /* CalendarProUITests */ = {
			isa = PBXGroup;
			children = (
				524A89C6B4F7135EBD9E7B77 /* CalendarPopoverUITests.swift */,
			);
			name = CalendarProUITests;
			path = CalendarProUITests;
			sourceTree = "<group>";
		};
		2CAA5968FB62BFF90EB7A276 /* OS X */ = {
			isa = PBXGroup;
			children = (
				F60722B37123C1F655F2847B /* Cocoa.framework */,
			);
			name = "OS X";
			sourceTree = "<group>";
		};
		31608ABCB37A923F3080827D /* CalendarProTests */ = {
			isa = PBXGroup;
			children = (
				D5A1ADBE25556A378A506099 /* App */,
				573E43713A7145248BA589C7 /* Calendar */,
				5328DB0ABC686CA949DAE3D8 /* CalendarProTests.swift */,
				1357ADA1DF35940308CDDBAC /* Data */,
				E16D6B363629AF7505213AEA /* Events */,
				55164E230574C269D7593F58 /* Holidays */,
				0A6EA06BEFC4DD7D1E319A34 /* Lunar */,
				C18F435CD7FABA01C761861A /* MenuBar */,
				84D372665DB035B6651EA48A /* Popover */,
				B63A88EB26D65055D655B2EE /* Settings */,
				129C82C2656C104944B74FAB /* VacationPlanning */,
			);
			name = CalendarProTests;
			path = CalendarProTests;
			sourceTree = "<group>";
		};
		46718B36CAE2E2A61130F82C /* Features */ = {
			isa = PBXGroup;
			children = (
				4F1C1E018A8A35DCFB6DB361 /* Almanac */,
				7FE286FD7273560060AE3A7A /* Calendar */,
				950FF42C2AA91B8B882855E2 /* Events */,
				502D55F7346F610A97716943 /* Holidays */,
				59AFEAC081246D896B993332 /* Lunar */,
				5E3CB2C58F1753D7CE35EFC0 /* MenuBar */,
				CEAF4B0E15704B215992B336 /* VacationPlanning */,
				84D45E8CC94223F2899AB6C3 /* Weather */,
			);
			name = Features;
			path = Features;
			sourceTree = "<group>";
		};
		4F1C1E018A8A35DCFB6DB361 /* Almanac */ = {
			isa = PBXGroup;
			children = (
				A1725AE1763569E01F8E149B /* AlmanacService.swift */,
			);
			name = Almanac;
			path = Almanac;
			sourceTree = "<group>";
		};
		502D55F7346F610A97716943 /* Holidays */ = {
			isa = PBXGroup;
			children = (
				934C56DB4C7B572A7567EABE /* HolidayOccurrence.swift */,
				F5BA7FCCFB43932338246CD0 /* HolidayProvider.swift */,
				E2FBE6FFF054E821B3D3E777 /* HolidayProviderRegistry.swift */,
				5B0EF61D0B2B24073716DB3D /* HolidayResolver.swift */,
				9DA7ECA8EE08EB9FE32ECDA2 /* HongKongProvider.swift */,
				2F4AD2B7BD487FC91F177E88 /* MainlandCNProvider.swift */,
				99341AB9C6EDF06516894F44 /* UnitedKingdomProvider.swift */,
				0816BF89D1A26145665B5C6B /* UnitedStatesProvider.swift */,
			);
			name = Holidays;
			path = Holidays;
			sourceTree = "<group>";
		};
		513C787D1C20B5892F0B6665 /* hong-kong */ = {
			isa = PBXGroup;
			children = (
				7E4E006201DF0D4522F9C072 /* hong-kong-2026.json */,
			);
			name = "hong-kong";
			path = "hong-kong";
			sourceTree = "<group>";
		};
		55164E230574C269D7593F58 /* Holidays */ = {
			isa = PBXGroup;
			children = (
				9F936A76D96DE985D347A13F /* HolidayProviderRegistryTests.swift */,
				0E34F37680782EC70A15E1A8 /* MainlandCNProviderTests.swift */,
			);
			name = Holidays;
			path = Holidays;
			sourceTree = "<group>";
		};
		573E43713A7145248BA589C7 /* Calendar */ = {
			isa = PBXGroup;
			children = (
				C815352E016FE7A685E371C2 /* CalendarDayFactoryTests.swift */,
				6665EDFB489AF3A0BE8781DD /* MonthCalendarServiceTests.swift */,
			);
			name = Calendar;
			path = Calendar;
			sourceTree = "<group>";
		};
		59AFEAC081246D896B993332 /* Lunar */ = {
			isa = PBXGroup;
			children = (
				F57C3AB314EB87B8B89F8926 /* LunarDateDescriptor.swift */,
				B865D8DB2D5857EEC81A0CE2 /* LunarService.swift */,
				90B0925834D2F89B346D9425 /* SolarTermResolver.swift */,
				2AADA27F2E72D9913E799AB8 /* TraditionalFestivalResolver.swift */,
			);
			name = Lunar;
			path = Lunar;
			sourceTree = "<group>";
		};
		5E3CB2C58F1753D7CE35EFC0 /* MenuBar */ = {
			isa = PBXGroup;
			children = (
				929E69189D80362E9A5A9C6C /* ClockRenderService.swift */,
				46DEFBE9FB269ABE6A3B89FE /* MenuBarViewModel.swift */,
			);
			name = MenuBar;
			path = MenuBar;
			sourceTree = "<group>";
		};
		6683F4D052C143C685AABD39 /* us */ = {
			isa = PBXGroup;
			children = (
				11CD7E779E76D3690DE7BC7A /* us-2025.json */,
				AD3CF5F17E0B1A8A0D08A7DC /* us-2026.json */,
			);
			name = us;
			path = us;
			sourceTree = "<group>";
		};
		7FE286FD7273560060AE3A7A /* Calendar */ = {
			isa = PBXGroup;
			children = (
				FD83BE8BA71959F7D18F3F53 /* CalendarDay.swift */,
				899F77FD2E5AC7480E052FF8 /* CalendarDayFactory.swift */,
				C70A4207F6E3027E05BEDB59 /* MonthCalendarService.swift */,
			);
			name = Calendar;
			path = Calendar;
			sourceTree = "<group>";
		};
		84D372665DB035B6651EA48A /* Popover */ = {
			isa = PBXGroup;
			children = (
				2DEA2FFC7CA6B8318CBF8828 /* CalendarPopoverViewModelTests.swift */,
			);
			name = Popover;
			path = Popover;
			sourceTree = "<group>";
		};
		84D45E8CC94223F2899AB6C3 /* Weather */ = {
			isa = PBXGroup;
			children = (
			);
			name = Weather;
			path = Weather;
			sourceTree = "<group>";
		};
		950FF42C2AA91B8B882855E2 /* Events */ = {
			isa = PBXGroup;
			children = (
				45817E8E98FE7F0F4AF983A1 /* CalendarItem.swift */,
				B5400E03102D6ECEF7326FC0 /* EventService.swift */,
				767A574284CE10859DFE1026 /* MeetingActionOpener.swift */,
				785184F65F59DC2B1C019738 /* MeetingActionResolver.swift */,
				BEE7CF52A42399AB3D95CFAE /* MeetingLinkDetector.swift */,
			);
			name = Events;
			path = Events;
			sourceTree = "<group>";
		};
		9A2B4357E6C0B89C7097005A /* Settings */ = {
			isa = PBXGroup;
			children = (
				4F4575CF922970373F709CF2 /* AboutSettingsView.swift */,
				1B5746FE37BCEF5130A5F21D /* EventsSettingsView.swift */,
				FFC2BB0228B65F5183065B8F /* GeneralSettingsView.swift */,
				783922F4C27F29284FDFB12F /* MenuBarSettingsView.swift */,
				B626400B266C1A2D4361111F /* RegionSettingsView.swift */,
				CDE2D9D3F9ACFE5571EC8832 /* SettingsRootView.swift */,
			);
			name = Settings;
			path = Settings;
			sourceTree = "<group>";
		};
		A4B3AB2A11A5B3B86E7ED942 /* Resources */ = {
			isa = PBXGroup;
			children = (
				4FA8AB95BF1F5BD98D3F1321 /* Assets.xcassets */,
				CFEA73D956A2FC604631AC58 /* Holidays */,
				B764847BA2CC7B4B0F6C9B43 /* Localizable.xcstrings */,
			);
			name = Resources;
			path = Resources;
			sourceTree = "<group>";
		};
		A6C41CF8D62DB44DE2D45F23 /* CalendarPro */ = {
			isa = PBXGroup;
			children = (
				CF6B98B89BF963CB9C6DCF90 /* App */,
				1B11E2DEE318488C16FB3360 /* CalendarPro.entitlements */,
				E7B08FD725E2A306C54135AF /* CalendarProApp.swift */,
				46718B36CAE2E2A61130F82C /* Features */,
				1C8ACB28E5B12E0011D9DA16 /* Infrastructure */,
				A4B3AB2A11A5B3B86E7ED942 /* Resources */,
				C20167FAED369A39D00DA992 /* Settings */,
				DEA60E595FBBFCA48ABAD050 /* Views */,
			);
			name = CalendarPro;
			path = CalendarPro;
			sourceTree = "<group>";
		};
		AE19C000051D9149AA26D19F /* Frameworks */ = {
			isa = PBXGroup;
			children = (
				2CAA5968FB62BFF90EB7A276 /* OS X */,
			);
			name = Frameworks;
			sourceTree = "<group>";
		};
		B63A88EB26D65055D655B2EE /* Settings */ = {
			isa = PBXGroup;
			children = (
				0B9F30A7A2FD0921DA41647A /* MenuBarPreferencesTests.swift */,
				41C6AD42A17381B0913F18EF /* RegionSettingsViewModelTests.swift */,
				4ADD7E77043FD65FB6ACA974 /* SettingsStoreTests.swift */,
			);
			name = Settings;
			path = Settings;
			sourceTree = "<group>";
		};
		C18F435CD7FABA01C761861A /* MenuBar */ = {
			isa = PBXGroup;
			children = (
				7F0CFC860FC2B20BE49D1F1F /* ClockRenderServiceTests.swift */,
				3986A2E8B4C0EE2EB7B49F7E /* MenuBarViewModelTests.swift */,
			);
			name = MenuBar;
			path = MenuBar;
			sourceTree = "<group>";
		};
		C20167FAED369A39D00DA992 /* Settings */ = {
			isa = PBXGroup;
			children = (
				55143142ECA0B18D4E8F1B49 /* MenuBarPreferences.swift */,
				F868E4C7E357534D6D5FF00F /* RegionSettingsViewModel.swift */,
				E9B5FD9A69C221CA5B17795F /* SettingsStore.swift */,
			);
			name = Settings;
			path = Settings;
			sourceTree = "<group>";
		};
		CA5CBC2909CDF9F891EED381 = {
			isa = PBXGroup;
			children = (
				CF07BEDD6E62F1FACAC7F537 /* Products */,
				AE19C000051D9149AA26D19F /* Frameworks */,
				A6C41CF8D62DB44DE2D45F23 /* CalendarPro */,
				31608ABCB37A923F3080827D /* CalendarProTests */,
				2A83936658F4FCFE351E1BBC /* CalendarProUITests */,
			);
			sourceTree = "<group>";
		};
		CEAF4B0E15704B215992B336 /* VacationPlanning */ = {
			isa = PBXGroup;
			children = (
				2D525D4DC006A382C204972B /* VacationOpportunity.swift */,
				2B1F91217F9E375107FF1A96 /* VacationPlanningService.swift */,
			);
			name = VacationPlanning;
			path = VacationPlanning;
			sourceTree = "<group>";
		};
		CF07BEDD6E62F1FACAC7F537 /* Products */ = {
			isa = PBXGroup;
			children = (
				73456ECFC655C00F2E3627F7 /* CalendarPro.app */,
				0DB652940E69746A2A95B476 /* CalendarProTests.xctest */,
				1FBF521C1DAAC89F33AA0253 /* CalendarProUITests.xctest */,
			);
			name = Products;
			sourceTree = "<group>";
		};
		CF6B98B89BF963CB9C6DCF90 /* App */ = {
			isa = PBXGroup;
			children = (
				7899FC6DBBE791658243F707 /* AppDelegate.swift */,
				668FAF9EFAF21A75BD03298C /* EventDetailWindowController.swift */,
				4257A8207E5AC52FFB60FAD1 /* EventDetailWindowLayout.swift */,
				2B81E2BC613FC002FDCFE8DF /* EventDetailWindowSizing.swift */,
				A88819BDB6CD3FCE6AE8DCC1 /* LaunchAtLoginController.swift */,
				54D6171F07DF0A5F225926F2 /* PopoverController.swift */,
				E1EBC551E2C938F75648C535 /* StatusBarController.swift */,
				13ABFC6712DCC608575DA613 /* UpdateChecker.swift */,
				4172699271169ED0FEA299DE /* VacationGuideWindowController.swift */,
			);
			name = App;
			path = App;
			sourceTree = "<group>";
		};
		CFEA73D956A2FC604631AC58 /* Holidays */ = {
			isa = PBXGroup;
			children = (
				513C787D1C20B5892F0B6665 /* hong-kong */,
				F095279E714DE7D1248D14FD /* mainland-cn */,
				12AB2B4458B82E6A8EA901C8 /* uk */,
				6683F4D052C143C685AABD39 /* us */,
			);
			name = Holidays;
			path = Holidays;
			sourceTree = "<group>";
		};
		D022A7CFA6339CDEB6866C6E /* Data */ = {
			isa = PBXGroup;
			children = (
				7EC21D2D01D73FFA543E3C56 /* HolidayCacheStore.swift */,
				AC05EE71A98BF56AC76C3329 /* HolidayFeedClient.swift */,
				BD804A7E89918E171844919E /* HolidayFeedManifest.swift */,
			);
			name = Data;
			path = Data;
			sourceTree = "<group>";
		};
		D5A1ADBE25556A378A506099 /* App */ = {
			isa = PBXGroup;
			children = (
				8085C6A5C9A8AEAE67C423BF /* EventDetailWindowLayoutTests.swift */,
				653EEB5347A2109AF4D1EEAA /* EventDetailWindowSizingTests.swift */,
				04F4340E56FC3090D54322C7 /* LaunchAtLoginControllerTests.swift */,
				B8B9C7A2C3FDE3A77A7F925E /* UpdateCheckerTests.swift */,
			);
			name = App;
			path = App;
			sourceTree = "<group>";
		};
		DEA60E595FBBFCA48ABAD050 /* Views */ = {
			isa = PBXGroup;
			children = (
				06896AA3C45C6F3ACDC25422 /* Popover */,
				A89B13C946207254C5EFBADD /* RootPopoverView.swift */,
				9A2B4357E6C0B89C7097005A /* Settings */,
			);
			name = Views;
			path = Views;
			sourceTree = "<group>";
		};
		E16D6B363629AF7505213AEA /* Events */ = {
			isa = PBXGroup;
			children = (
				2140C30F46B7BBF12CFE3152 /* CalendarItemTests.swift */,
				BF986C484249EAA18E0490DD /* EventServiceTests.swift */,
				8A96F4EAC3BAC6DFD854C828 /* MeetingActionOpenerTests.swift */,
				B19490B8788CB4CD9EDAC38F /* MeetingActionResolverTests.swift */,
				3A1C2D6311047AF52E14DB49 /* MeetingLinkDetectorTests.swift */,
			);
			name = Events;
			path = Events;
			sourceTree = "<group>";
		};
		F095279E714DE7D1248D14FD /* mainland-cn */ = {
			isa = PBXGroup;
			children = (
				67127E24F80CC73DC837ADE5 /* mainland-cn-2026.json */,
			);
			name = "mainland-cn";
			path = "mainland-cn";
			sourceTree = "<group>";
		};
/* End PBXGroup section */

/* Begin PBXNativeTarget section */
		0BBEE46E48D6E1F8B8180370 /* CalendarProUITests */ = {
			isa = PBXNativeTarget;
			buildConfigurationList = FF1035CA5E0C175BF0B8CBC5 /* Build configuration list for PBXNativeTarget "CalendarProUITests" */;
			buildPhases = (
				A42D3845D8BFF7AAB32C302C /* Sources */,
				F0DA045F0428B04934932D05 /* Frameworks */,
				98559E07F563E9A154021BE8 /* Resources */,
				336B43AC0CEE41C53A5A8DF7 /* Embed Testing Interop */,
			);
			buildRules = (
			);
			dependencies = (
				3788BB59D71B2E3CFD3BA360 /* PBXTargetDependency */,
			);
			name = CalendarProUITests;
			productName = CalendarProUITests;
			productReference = 1FBF521C1DAAC89F33AA0253 /* CalendarProUITests.xctest */;
			productType = "com.apple.product-type.bundle.ui-testing";
		};
		2995A3B2DC5D53F0BEAC3E64 /* CalendarPro */ = {
			isa = PBXNativeTarget;
			buildConfigurationList = 8D3E58E8229994550AD0BC2A /* Build configuration list for PBXNativeTarget "CalendarPro" */;
			buildPhases = (
				59253E3DB60EFAD26C31EA58 /* Sources */,
				D21E7E98AEDCD4F08832E772 /* Frameworks */,
				3E706D5B6200713C5109A36E /* Resources */,
			);
			buildRules = (
			);
			dependencies = (
			);
			name = CalendarPro;
			packageProductDependencies = (
				B81A4B851A506258631533B5 /* Sparkle */,
				0A0EA651D745D7FDB3CE1E84 /* tyme */,
			);
			productName = CalendarPro;
			productReference = 73456ECFC655C00F2E3627F7 /* CalendarPro.app */;
			productType = "com.apple.product-type.application";
		};
		D589715F1B132BF6FBE06CAE /* CalendarProTests */ = {
			isa = PBXNativeTarget;
			buildConfigurationList = 2053613D4432E3812835333A /* Build configuration list for PBXNativeTarget "CalendarProTests" */;
			buildPhases = (
				A6BE6950D6B955462E54FF11 /* Sources */,
				2B491168E668B6EDA42A65FD /* Frameworks */,
				4E9D895AA6E280902B8CD109 /* Resources */,
			);
			buildRules = (
			);
			dependencies = (
				71A3B98E7AC5AED3CCBDDCE8 /* PBXTargetDependency */,
			);
			name = CalendarProTests;
			productName = CalendarProTests;
			productReference = 0DB652940E69746A2A95B476 /* CalendarProTests.xctest */;
			productType = "com.apple.product-type.bundle.unit-test";
		};
/* End PBXNativeTarget section */

/* Begin PBXProject section */
		1F607940802B5F297277F05C /* Project object */ = {
			isa = PBXProject;
			attributes = {
				LastSwiftUpdateCheck = 1600;
				LastUpgradeCheck = 1600;
				TargetAttributes = {
					2995A3B2DC5D53F0BEAC3E64 = {
						ProvisioningStyle = Automatic;
					};
				};
			};
			buildConfigurationList = A63F880B2171D17C9C6DC972 /* Build configuration list for PBXProject "CalendarPro" */;
			compatibilityVersion = "Xcode 3.2";
			developmentRegion = en;
			hasScannedForEncodings = 0;
			knownRegions = (
				en,
				Base,
			);
			mainGroup = CA5CBC2909CDF9F891EED381;
			minimizedProjectReferenceProxies = 0;
			packageReferences = (
				90C6F9C513875147C6C30336 /* XCRemoteSwiftPackageReference "Sparkle" */,
				31AD008C5754E4D3AEA0B6A4 /* XCRemoteSwiftPackageReference "tyme4swift" */,
			);
			preferredProjectObjectVersion = 77;
			productRefGroup = CF07BEDD6E62F1FACAC7F537 /* Products */;
			projectDirPath = "";
			projectRoot = "";
			targets = (
				2995A3B2DC5D53F0BEAC3E64 /* CalendarPro */,
				D589715F1B132BF6FBE06CAE /* CalendarProTests */,
				0BBEE46E48D6E1F8B8180370 /* CalendarProUITests */,
			);
		};
/* End PBXProject section */

/* Begin PBXResourcesBuildPhase section */
		3E706D5B6200713C5109A36E /* Resources */ = {
			isa = PBXResourcesBuildPhase;
			buildActionMask = 2147483647;
			files = (
				E8D9F0D9D73C0413CAECE88D /* Assets.xcassets in Resources */,
				62922159FC713D9D7AD025DD /* hong-kong-2026.json in Resources */,
				E9851EA808EE188CF686E9EB /* mainland-cn-2026.json in Resources */,
				EA9F06065D448D0467FEB8AA /* uk-2025.json in Resources */,
				0D1628CAC87CE96FEE1B00C8 /* uk-2026.json in Resources */,
				984AC342FBE89A8CE008099C /* us-2025.json in Resources */,
				AA8A57E497601E35AC5ACDF4 /* us-2026.json in Resources */,
				350172905F72F44EA7E0CC87 /* Localizable.xcstrings in Resources */,
			);
			runOnlyForDeploymentPostprocessing = 0;
		};
		4E9D895AA6E280902B8CD109 /* Resources */ = {
			isa = PBXResourcesBuildPhase;
			buildActionMask = 2147483647;
			files = (
			);
			runOnlyForDeploymentPostprocessing = 0;
		};
		98559E07F563E9A154021BE8 /* Resources */ = {
			isa = PBXResourcesBuildPhase;
			buildActionMask = 2147483647;
			files = (
			);
			runOnlyForDeploymentPostprocessing = 0;
		};
/* End PBXResourcesBuildPhase section */

/* Begin PBXShellScriptBuildPhase section */
		336B43AC0CEE41C53A5A8DF7 /* Embed Testing Interop */ = {
			isa = PBXShellScriptBuildPhase;
			buildActionMask = 2147483647;
			files = (
			);
			inputFileListPaths = (
			);
			inputPaths = (
			);
			name = "Embed Testing Interop";
			outputFileListPaths = (
			);
			outputPaths = (
			);
			runOnlyForDeploymentPostprocessing = 0;
			shellPath = /bin/sh;
			shellScript = "TESTING_INTEROP_DYLIB_PATH=\"/Applications/Xcode.app/Contents/Developer/Platforms/MacOSX.platform/Developer/usr/lib/lib_TestingInterop.dylib\"\nTESTING_FRAMEWORKS_DIR=\"/Applications/Xcode.app/Contents/Developer/Platforms/MacOSX.platform/Developer/Library/Frameworks\"\nRUNNER_FRAMEWORKS_DIR=\"$TARGET_BUILD_DIR/../Frameworks\"\n\nif [ ! -f \"$TESTING_INTEROP_DYLIB_PATH\" ]; then\n  echo \"warning: Missing lib_TestingInterop.dylib at $TESTING_INTEROP_DYLIB_PATH\"\n  exit 0\nfi\n\nmkdir -p \"$RUNNER_FRAMEWORKS_DIR\"\ncp \"$TESTING_INTEROP_DYLIB_PATH\" \"$RUNNER_FRAMEWORKS_DIR/lib_TestingInterop.dylib\"\n\nfor framework in \"$TESTING_FRAMEWORKS_DIR\"/_Testing*.framework; do\n  if [ ! -e \"$framework\" ]; then\n    continue\n  fi\n\n  framework_name=\"$(basename \"$framework\")\"\n  rm -rf \"$RUNNER_FRAMEWORKS_DIR/$framework_name\"\n  ditto \"$framework\" \"$RUNNER_FRAMEWORKS_DIR/$framework_name\"\ndone\n";
		};
/* End PBXShellScriptBuildPhase section */

/* Begin PBXSourcesBuildPhase section */
		59253E3DB60EFAD26C31EA58 /* Sources */ = {
			isa = PBXSourcesBuildPhase;
			buildActionMask = 2147483647;
			files = (
				9A8EB3F416CE1A71EA9FA7E3 /* AppDelegate.swift in Sources */,
				A9B3DAE4458BD52BEE8A5648 /* EventDetailWindowController.swift in Sources */,
				294A25786D520DB5481CEF05 /* EventDetailWindowLayout.swift in Sources */,
				9B3C820328EC1CBC6BDA2C0C /* EventDetailWindowSizing.swift in Sources */,
				43234CF759CEA7D327A83CB7 /* LaunchAtLoginController.swift in Sources */,
				F5D67CE99BB297EB8AC9F793 /* PopoverController.swift in Sources */,
				DE1FE4378BCE91E82C3C5049 /* StatusBarController.swift in Sources */,
				612CED49162176220C9A049E /* UpdateChecker.swift in Sources */,
				325C01331849EDA53BB8B23A /* VacationGuideWindowController.swift in Sources */,
				3CB04752D92576F45A1D37E7 /* CalendarProApp.swift in Sources */,
				6C15F9D495FE28B9D5C5CBCA /* AlmanacService.swift in Sources */,
				37A7D27C4DBA9231EF749A27 /* CalendarDay.swift in Sources */,
				EF6D00C93993EC5707CA4FDF /* CalendarDayFactory.swift in Sources */,
				945449DE05C2FBA4052D0A15 /* MonthCalendarService.swift in Sources */,
				F16E119B8D70A5A27F14A722 /* CalendarItem.swift in Sources */,
				20B1394EF27FEDCEAE7C254F /* EventService.swift in Sources */,
				9926472CE35E6EAD1928E974 /* MeetingActionOpener.swift in Sources */,
				C82ACAC3E6B08D18C3087503 /* MeetingActionResolver.swift in Sources */,
				732903B20421C437775FE0A7 /* MeetingLinkDetector.swift in Sources */,
				4613264D55D8628C6D4BBC16 /* HolidayOccurrence.swift in Sources */,
				4826E6E19F83FCCBDBC54151 /* HolidayProvider.swift in Sources */,
				0B1AB61535ECFE677C8DB300 /* HolidayProviderRegistry.swift in Sources */,
				9357D51AE4AE9A73F51122BB /* HolidayResolver.swift in Sources */,
				24413A1568D95F6B2886C46D /* HongKongProvider.swift in Sources */,
				FEC0A4852856B4F3F8EC454E /* MainlandCNProvider.swift in Sources */,
				88EECCF68DA8458950F02E40 /* UnitedKingdomProvider.swift in Sources */,
				D780F120AB795E26D37419C2 /* UnitedStatesProvider.swift in Sources */,
				85E9258ABDDBFD062D1148ED /* LunarDateDescriptor.swift in Sources */,
				0385A334AA42F62E5F78E5D1 /* LunarService.swift in Sources */,
				AEC72FDD78EF5493C15C0C47 /* SolarTermResolver.swift in Sources */,
				7457CEE46482A5DFD6C8A41A /* TraditionalFestivalResolver.swift in Sources */,
				2719A339B60D3784764C72FD /* ClockRenderService.swift in Sources */,
				801657324388FDD6EC34D36E /* MenuBarViewModel.swift in Sources */,
				EC6302D2CA98C64CFE012B78 /* VacationOpportunity.swift in Sources */,
				D9D25952D9722C8C79E3D3C3 /* VacationPlanningService.swift in Sources */,
				59F5636F1758BAEA16D0300B /* AppLanguage.swift in Sources */,
				6C69D99B7F56814294DF1515 /* AppLocalization.swift in Sources */,
				0DCD1FE4C2CFBD3D2660A710 /* HolidayCacheStore.swift in Sources */,
				782B64CEB387FB8271791046 /* HolidayFeedClient.swift in Sources */,
				B032C292C7B2EFAF8EABE8FF /* HolidayFeedManifest.swift in Sources */,
				97C138D7694A046F87E14599 /* LocaleFeatureAvailability.swift in Sources */,
				740240E8FD7799191F4A1F95 /* MenuBarPreferences.swift in Sources */,
				870FDF2C27053F78A70B8711 /* RegionSettingsViewModel.swift in Sources */,
				726523EEF6F44F23C91A5A12 /* SettingsStore.swift in Sources */,
				6930BDD7097EB5D3608DCACA /* AlmanacStripView.swift in Sources */,
				14A01C35ABC8117AB78B5E13 /* CalendarGridView.swift in Sources */,
				2283AA99441179FA0726013F /* CalendarPopoverView.swift in Sources */,
				73F2822575BA0281ACB2F991 /* CalendarPopoverViewModel.swift in Sources */,
				5E903EFB69A3EF51E434553A /* EventCardView.swift in Sources */,
				D36BF15850A30CB44671FD93 /* EventDetailWindowView.swift in Sources */,
				2FB22EBE73BE1F62D9FCDAC0 /* EventListView.swift in Sources */,
				2410D18F8453C5587B865297 /* MonthHeaderView.swift in Sources */,
				0135320B39CF3E185DFCED22 /* MonthPickerView.swift in Sources */,
				5ADC5CB3EDCD7EAE0BE7E3F5 /* PopoverSurfaceMetrics.swift in Sources */,
				89F29F3845DDC6787E397D68 /* ReminderDetailWindowView.swift in Sources */,
				347B556304236966F24877BC /* SelectableDetailText.swift in Sources */,
				0DCE84F7F34E6B9F2E5A6341 /* VacationGuideWindowView.swift in Sources */,
				34868AEF4F60DDBA96333CA7 /* VacationOpportunityCardView.swift in Sources */,
				B3F99617AE17CAEAE3D41AF9 /* YearPickerView.swift in Sources */,
				97B5C16FC9CA22BBCF0E8EC3 /* RootPopoverView.swift in Sources */,
				868B5FA80BBAFFE21C432817 /* AboutSettingsView.swift in Sources */,
				B502D820511EE1F5469A9C39 /* EventsSettingsView.swift in Sources */,
				28B06FB1B7B446542C11F31C /* GeneralSettingsView.swift in Sources */,
				23BA8326F33A257C128D8092 /* MenuBarSettingsView.swift in Sources */,
				B4D5AFBE86018AE8A6EDA740 /* RegionSettingsView.swift in Sources */,
				566935F5C49F0E61605A8940 /* SettingsRootView.swift in Sources */,
			);
			runOnlyForDeploymentPostprocessing = 0;
		};
		A42D3845D8BFF7AAB32C302C /* Sources */ = {
			isa = PBXSourcesBuildPhase;
			buildActionMask = 2147483647;
			files = (
				5EF7B5A4FBD32DFB9DE172BE /* CalendarPopoverUITests.swift in Sources */,
			);
			runOnlyForDeploymentPostprocessing = 0;
		};
		A6BE6950D6B955462E54FF11 /* Sources */ = {
			isa = PBXSourcesBuildPhase;
			buildActionMask = 2147483647;
			files = (
				14E971ECBC1C9FE0B10C4846 /* EventDetailWindowLayoutTests.swift in Sources */,
				00AEB156C29553684BE4007B /* EventDetailWindowSizingTests.swift in Sources */,
				D671BF6512D39366C68D3B2E /* LaunchAtLoginControllerTests.swift in Sources */,
				83C46FBB8808180CC85588F9 /* UpdateCheckerTests.swift in Sources */,
				4D7648ABCCB74AB8E1705294 /* CalendarDayFactoryTests.swift in Sources */,
				108C0EC89E9EDAEAC02A314B /* MonthCalendarServiceTests.swift in Sources */,
				0AC03DFA9F0C6DC2CFEDD88F /* CalendarProTests.swift in Sources */,
				CE2132ED7E69CC9BC5BA6996 /* HolidayFeedClientTests.swift in Sources */,
				DB94F8318FD5BF40E8B9B9AA /* CalendarItemTests.swift in Sources */,
				A401A89D9A785336D46FD454 /* EventServiceTests.swift in Sources */,
				095F878F9181E805478B1ECD /* MeetingActionOpenerTests.swift in Sources */,
				1DE79217EBD9991E046C7A61 /* MeetingActionResolverTests.swift in Sources */,
				3CF59B33AD346BA86BD1BB1B /* MeetingLinkDetectorTests.swift in Sources */,
				C1D6A7C76A9960DC5255274B /* HolidayProviderRegistryTests.swift in Sources */,
				9EEC78E048EA5CD2211FA86A /* MainlandCNProviderTests.swift in Sources */,
				CB411D787E7B8A66D8795D07 /* LunarServiceTests.swift in Sources */,
				70381C7135BF70BA63AF34F8 /* ClockRenderServiceTests.swift in Sources */,
				811E1283A49183A70AF9EB82 /* MenuBarViewModelTests.swift in Sources */,
				92A66C252570F275DDFCED58 /* CalendarPopoverViewModelTests.swift in Sources */,
				CBD0FF8312372B6D631A1AA1 /* MenuBarPreferencesTests.swift in Sources */,
				4F7F67AB2C688EA26A0754BA /* RegionSettingsViewModelTests.swift in Sources */,
				C7CD590540B1521416DA1985 /* SettingsStoreTests.swift in Sources */,
				61B5FCA0EA213F7ACE18475E /* VacationPlanningServiceTests.swift in Sources */,
			);
			runOnlyForDeploymentPostprocessing = 0;
		};
/* End PBXSourcesBuildPhase section */

/* Begin PBXTargetDependency section */
		3788BB59D71B2E3CFD3BA360 /* PBXTargetDependency */ = {
			isa = PBXTargetDependency;
			name = CalendarPro;
			target = 2995A3B2DC5D53F0BEAC3E64 /* CalendarPro */;
			targetProxy = EBD3ED1C3B2E741BAA621C4F /* PBXContainerItemProxy */;
		};
		71A3B98E7AC5AED3CCBDDCE8 /* PBXTargetDependency */ = {
			isa = PBXTargetDependency;
			name = CalendarPro;
			target = 2995A3B2DC5D53F0BEAC3E64 /* CalendarPro */;
			targetProxy = AF499AA4F3FFF76A372859C5 /* PBXContainerItemProxy */;
		};
/* End PBXTargetDependency section */

/* Begin XCBuildConfiguration section */
		63B4950C2C4B11E69E0231E0 /* Debug */ = {
			isa = XCBuildConfiguration;
			buildSettings = {
				CLANG_ENABLE_MODULES = YES;
				CODE_SIGNING_ALLOWED = NO;
				CODE_SIGN_STYLE = Automatic;
				ENABLE_USER_SCRIPT_SANDBOXING = NO;
				GENERATE_INFOPLIST_FILE = YES;
				LD_RUNPATH_SEARCH_PATHS = "$(inherited) @loader_path/../Frameworks @loader_path/../../Frameworks";
				MACOSX_DEPLOYMENT_TARGET = 14.0;
				PRODUCT_BUNDLE_IDENTIFIER = com.yelog.CalendarProUITests;
				PRODUCT_NAME = "$(TARGET_NAME)";
				SDKROOT = macosx;
				SWIFT_VERSION = 6.0;
				TEST_TARGET_NAME = CalendarPro;
			};
			name = Debug;
		};
		6FE2DD7F56B240AF0AC40854 /* Debug */ = {
			isa = XCBuildConfiguration;
			buildSettings = {
				ASSETCATALOG_COMPILER_APPICON_NAME = AppIcon;
				ASSETCATALOG_COMPILER_GLOBAL_ACCENT_COLOR_NAME = AccentColor;
				CLANG_ENABLE_MODULES = YES;
				CODE_SIGN_ENTITLEMENTS = CalendarPro/CalendarPro.entitlements;
				CODE_SIGN_STYLE = Automatic;
				COMBINE_HIDPI_IMAGES = YES;
				CURRENT_PROJECT_VERSION = 1;
				DEFINES_MODULE = YES;
				ENABLE_USER_SCRIPT_SANDBOXING = NO;
				GENERATE_INFOPLIST_FILE = YES;
				INFOPLIST_KEY_LSUIElement = NO;
				INFOPLIST_KEY_NSCalendarsUsageDescription = "用于显示您的日历日程";
				INFOPLIST_KEY_NSRemindersUsageDescription = "用于显示您的提醒事项";
				LD_RUNPATH_SEARCH_PATHS = "$(inherited) @executable_path/../Frameworks";
				MACOSX_DEPLOYMENT_TARGET = 14.0;
				MARKETING_VERSION = 1.0.0;
				PRODUCT_BUNDLE_IDENTIFIER = com.yelog.CalendarPro;
				PRODUCT_NAME = "$(TARGET_NAME)";
				SDKROOT = macosx;
				SWIFT_EMIT_LOC_STRINGS = YES;
				SWIFT_VERSION = 6.0;
			};
			name = Debug;
		};
		881FD666E8BCDBBE60B8ECD0 /* Release */ = {
			isa = XCBuildConfiguration;
			buildSettings = {
				ASSETCATALOG_COMPILER_APPICON_NAME = AppIcon;
				ASSETCATALOG_COMPILER_GLOBAL_ACCENT_COLOR_NAME = AccentColor;
				CLANG_ENABLE_MODULES = YES;
				CODE_SIGN_ENTITLEMENTS = CalendarPro/CalendarPro.entitlements;
				CODE_SIGN_STYLE = Automatic;
				COMBINE_HIDPI_IMAGES = YES;
				CURRENT_PROJECT_VERSION = 1;
				DEFINES_MODULE = YES;
				ENABLE_USER_SCRIPT_SANDBOXING = NO;
				GENERATE_INFOPLIST_FILE = YES;
				INFOPLIST_KEY_LSUIElement = YES;
				INFOPLIST_KEY_NSCalendarsUsageDescription = "用于显示您的日历日程";
				INFOPLIST_KEY_NSRemindersUsageDescription = "用于显示您的提醒事项";
				LD_RUNPATH_SEARCH_PATHS = "$(inherited) @executable_path/../Frameworks";
				MACOSX_DEPLOYMENT_TARGET = 14.0;
				MARKETING_VERSION = 1.0.0;
				PRODUCT_BUNDLE_IDENTIFIER = com.yelog.CalendarPro;
				PRODUCT_NAME = "$(TARGET_NAME)";
				SDKROOT = macosx;
				SWIFT_EMIT_LOC_STRINGS = YES;
				SWIFT_VERSION = 6.0;
			};
			name = Release;
		};
		8AC0CBCA1B34EDFFA4FDE2E8 /* Release */ = {
			isa = XCBuildConfiguration;
			buildSettings = {
				CLANG_ENABLE_MODULES = YES;
				CODE_SIGNING_ALLOWED = NO;
				CODE_SIGN_STYLE = Automatic;
				ENABLE_USER_SCRIPT_SANDBOXING = NO;
				GENERATE_INFOPLIST_FILE = YES;
				LD_RUNPATH_SEARCH_PATHS = "$(inherited) @loader_path/../Frameworks @loader_path/../../Frameworks";
				MACOSX_DEPLOYMENT_TARGET = 14.0;
				PRODUCT_BUNDLE_IDENTIFIER = com.yelog.CalendarProUITests;
				PRODUCT_NAME = "$(TARGET_NAME)";
				SDKROOT = macosx;
				SWIFT_VERSION = 6.0;
				TEST_TARGET_NAME = CalendarPro;
			};
			name = Release;
		};
		A342B1E56F3498CF58E17648 /* Debug */ = {
			isa = XCBuildConfiguration;
			buildSettings = {
				BUNDLE_LOADER = "$(TEST_HOST)";
				CLANG_ENABLE_MODULES = YES;
				CODE_SIGNING_ALLOWED = NO;
				CODE_SIGN_STYLE = Automatic;
				ENABLE_USER_SCRIPT_SANDBOXING = NO;
				GENERATE_INFOPLIST_FILE = YES;
				LD_RUNPATH_SEARCH_PATHS = "$(inherited) @loader_path/../Frameworks @loader_path/../../Frameworks";
				MACOSX_DEPLOYMENT_TARGET = 14.0;
				PRODUCT_BUNDLE_IDENTIFIER = com.yelog.CalendarProTests;
				PRODUCT_NAME = "$(TARGET_NAME)";
				SDKROOT = macosx;
				SWIFT_VERSION = 6.0;
				TEST_HOST = "$(BUILT_PRODUCTS_DIR)/CalendarPro.app/Contents/MacOS/CalendarPro";
			};
			name = Debug;
		};
		B7A0B7604EB5CB8FE152D109 /* Release */ = {
			isa = XCBuildConfiguration;
			buildSettings = {
				BUNDLE_LOADER = "$(TEST_HOST)";
				CLANG_ENABLE_MODULES = YES;
				CODE_SIGNING_ALLOWED = NO;
				CODE_SIGN_STYLE = Automatic;
				ENABLE_USER_SCRIPT_SANDBOXING = NO;
				GENERATE_INFOPLIST_FILE = YES;
				LD_RUNPATH_SEARCH_PATHS = "$(inherited) @loader_path/../Frameworks @loader_path/../../Frameworks";
				MACOSX_DEPLOYMENT_TARGET = 14.0;
				PRODUCT_BUNDLE_IDENTIFIER = com.yelog.CalendarProTests;
				PRODUCT_NAME = "$(TARGET_NAME)";
				SDKROOT = macosx;
				SWIFT_VERSION = 6.0;
				TEST_HOST = "$(BUILT_PRODUCTS_DIR)/CalendarPro.app/Contents/MacOS/CalendarPro";
			};
			name = Release;
		};
		C28E292F7B26049189C716E6 /* Debug */ = {
			isa = XCBuildConfiguration;
			buildSettings = {
				ALWAYS_SEARCH_USER_PATHS = NO;
				CLANG_ANALYZER_NONNULL = YES;
				CLANG_ANALYZER_NUMBER_OBJECT_CONVERSION = YES_AGGRESSIVE;
				CLANG_CXX_LANGUAGE_STANDARD = "gnu++14";
				CLANG_CXX_LIBRARY = "libc++";
				CLANG_ENABLE_MODULES = YES;
				CLANG_ENABLE_OBJC_ARC = YES;
				CLANG_ENABLE_OBJC_WEAK = YES;
				CLANG_WARN_BLOCK_CAPTURE_AUTORELEASING = YES;
				CLANG_WARN_BOOL_CONVERSION = YES;
				CLANG_WARN_COMMA = YES;
				CLANG_WARN_CONSTANT_CONVERSION = YES;
				CLANG_WARN_DEPRECATED_OBJC_IMPLEMENTATIONS = YES;
				CLANG_WARN_DIRECT_OBJC_ISA_USAGE = YES_ERROR;
				CLANG_WARN_DOCUMENTATION_COMMENTS = YES;
				CLANG_WARN_EMPTY_BODY = YES;
				CLANG_WARN_ENUM_CONVERSION = YES;
				CLANG_WARN_INFINITE_RECURSION = YES;
				CLANG_WARN_INT_CONVERSION = YES;
				CLANG_WARN_NON_LITERAL_NULL_CONVERSION = YES;
				CLANG_WARN_OBJC_IMPLICIT_RETAIN_SELF = YES;
				CLANG_WARN_OBJC_LITERAL_CONVERSION = YES;
				CLANG_WARN_OBJC_ROOT_CLASS = YES_ERROR;
				CLANG_WARN_QUOTED_INCLUDE_IN_FRAMEWORK_HEADER = YES;
				CLANG_WARN_RANGE_LOOP_ANALYSIS = YES;
				CLANG_WARN_STRICT_PROTOTYPES = YES;
				CLANG_WARN_SUSPICIOUS_MOVE = YES;
				CLANG_WARN_UNGUARDED_AVAILABILITY = YES_AGGRESSIVE;
				CLANG_WARN_UNREACHABLE_CODE = YES;
				CLANG_WARN__DUPLICATE_METHOD_MATCH = YES;
				COPY_PHASE_STRIP = NO;
				DEBUG_INFORMATION_FORMAT = dwarf;
				ENABLE_STRICT_OBJC_MSGSEND = YES;
				ENABLE_TESTABILITY = YES;
				GCC_C_LANGUAGE_STANDARD = gnu11;
				GCC_DYNAMIC_NO_PIC = NO;
				GCC_NO_COMMON_BLOCKS = YES;
				GCC_OPTIMIZATION_LEVEL = 0;
				GCC_PREPROCESSOR_DEFINITIONS = (
					"DEBUG=1",
					"$(inherited)",
				);
				GCC_WARN_64_TO_32_BIT_CONVERSION = YES;
				GCC_WARN_ABOUT_RETURN_TYPE = YES_ERROR;
				GCC_WARN_UNDECLARED_SELECTOR = YES;
				GCC_WARN_UNINITIALIZED_AUTOS = YES_AGGRESSIVE;
				GCC_WARN_UNUSED_FUNCTION = YES;
				GCC_WARN_UNUSED_VARIABLE = YES;
				MTL_ENABLE_DEBUG_INFO = INCLUDE_SOURCE;
				MTL_FAST_MATH = YES;
				ONLY_ACTIVE_ARCH = YES;
				PRODUCT_NAME = "$(TARGET_NAME)";
				SWIFT_ACTIVE_COMPILATION_CONDITIONS = DEBUG;
				SWIFT_OPTIMIZATION_LEVEL = "-Onone";
				SWIFT_VERSION = 5.0;
			};
			name = Debug;
		};
		C2D44EA644468D1F0D83D3B2 /* Release */ = {
			isa = XCBuildConfiguration;
			buildSettings = {
				ALWAYS_SEARCH_USER_PATHS = NO;
				CLANG_ANALYZER_NONNULL = YES;
				CLANG_ANALYZER_NUMBER_OBJECT_CONVERSION = YES_AGGRESSIVE;
				CLANG_CXX_LANGUAGE_STANDARD = "gnu++14";
				CLANG_CXX_LIBRARY = "libc++";
				CLANG_ENABLE_MODULES = YES;
				CLANG_ENABLE_OBJC_ARC = YES;
				CLANG_ENABLE_OBJC_WEAK = YES;
				CLANG_WARN_BLOCK_CAPTURE_AUTORELEASING = YES;
				CLANG_WARN_BOOL_CONVERSION = YES;
				CLANG_WARN_COMMA = YES;
				CLANG_WARN_CONSTANT_CONVERSION = YES;
				CLANG_WARN_DEPRECATED_OBJC_IMPLEMENTATIONS = YES;
				CLANG_WARN_DIRECT_OBJC_ISA_USAGE = YES_ERROR;
				CLANG_WARN_DOCUMENTATION_COMMENTS = YES;
				CLANG_WARN_EMPTY_BODY = YES;
				CLANG_WARN_ENUM_CONVERSION = YES;
				CLANG_WARN_INFINITE_RECURSION = YES;
				CLANG_WARN_INT_CONVERSION = YES;
				CLANG_WARN_NON_LITERAL_NULL_CONVERSION = YES;
				CLANG_WARN_OBJC_IMPLICIT_RETAIN_SELF = YES;
				CLANG_WARN_OBJC_LITERAL_CONVERSION = YES;
				CLANG_WARN_OBJC_ROOT_CLASS = YES_ERROR;
				CLANG_WARN_QUOTED_INCLUDE_IN_FRAMEWORK_HEADER = YES;
				CLANG_WARN_RANGE_LOOP_ANALYSIS = YES;
				CLANG_WARN_STRICT_PROTOTYPES = YES;
				CLANG_WARN_SUSPICIOUS_MOVE = YES;
				CLANG_WARN_UNGUARDED_AVAILABILITY = YES_AGGRESSIVE;
				CLANG_WARN_UNREACHABLE_CODE = YES;
				CLANG_WARN__DUPLICATE_METHOD_MATCH = YES;
				COPY_PHASE_STRIP = NO;
				DEBUG_INFORMATION_FORMAT = "dwarf-with-dsym";
				ENABLE_NS_ASSERTIONS = NO;
				ENABLE_STRICT_OBJC_MSGSEND = YES;
				GCC_C_LANGUAGE_STANDARD = gnu11;
				GCC_NO_COMMON_BLOCKS = YES;
				GCC_WARN_64_TO_32_BIT_CONVERSION = YES;
				GCC_WARN_ABOUT_RETURN_TYPE = YES_ERROR;
				GCC_WARN_UNDECLARED_SELECTOR = YES;
				GCC_WARN_UNINITIALIZED_AUTOS = YES_AGGRESSIVE;
				GCC_WARN_UNUSED_FUNCTION = YES;
				GCC_WARN_UNUSED_VARIABLE = YES;
				MTL_ENABLE_DEBUG_INFO = NO;
				MTL_FAST_MATH = YES;
				PRODUCT_NAME = "$(TARGET_NAME)";
				SWIFT_COMPILATION_MODE = wholemodule;
				SWIFT_OPTIMIZATION_LEVEL = "-O";
				SWIFT_VERSION = 5.0;
			};
			name = Release;
		};
/* End XCBuildConfiguration section */

/* Begin XCConfigurationList section */
		2053613D4432E3812835333A /* Build configuration list for PBXNativeTarget "CalendarProTests" */ = {
			isa = XCConfigurationList;
			buildConfigurations = (
				B7A0B7604EB5CB8FE152D109 /* Release */,
				A342B1E56F3498CF58E17648 /* Debug */,
			);
			defaultConfigurationIsVisible = 0;
			defaultConfigurationName = Release;
		};
		8D3E58E8229994550AD0BC2A /* Build configuration list for PBXNativeTarget "CalendarPro" */ = {
			isa = XCConfigurationList;
			buildConfigurations = (
				881FD666E8BCDBBE60B8ECD0 /* Release */,
				6FE2DD7F56B240AF0AC40854 /* Debug */,
			);
			defaultConfigurationIsVisible = 0;
			defaultConfigurationName = Release;
		};
		A63F880B2171D17C9C6DC972 /* Build configuration list for PBXProject "CalendarPro" */ = {
			isa = XCConfigurationList;
			buildConfigurations = (
				C28E292F7B26049189C716E6 /* Debug */,
				C2D44EA644468D1F0D83D3B2 /* Release */,
			);
			defaultConfigurationIsVisible = 0;
			defaultConfigurationName = Release;
		};
		FF1035CA5E0C175BF0B8CBC5 /* Build configuration list for PBXNativeTarget "CalendarProUITests" */ = {
			isa = XCConfigurationList;
			buildConfigurations = (
				8AC0CBCA1B34EDFFA4FDE2E8 /* Release */,
				63B4950C2C4B11E69E0231E0 /* Debug */,
			);
			defaultConfigurationIsVisible = 0;
			defaultConfigurationName = Release;
		};
/* End XCConfigurationList section */

/* Begin XCRemoteSwiftPackageReference section */
		31AD008C5754E4D3AEA0B6A4 /* XCRemoteSwiftPackageReference "tyme4swift" */ = {
			isa = XCRemoteSwiftPackageReference;
			repositoryURL = "https://github.com/xuanyunhui/tyme4swift";
			requirement = {
				kind = upToNextMajorVersion;
				minimumVersion = 1.4.3;
			};
		};
		90C6F9C513875147C6C30336 /* XCRemoteSwiftPackageReference "Sparkle" */ = {
			isa = XCRemoteSwiftPackageReference;
			repositoryURL = "https://github.com/sparkle-project/Sparkle";
			requirement = {
				kind = upToNextMajorVersion;
				minimumVersion = 2.6.4;
			};
		};
/* End XCRemoteSwiftPackageReference section */

/* Begin XCSwiftPackageProductDependency section */
		0A0EA651D745D7FDB3CE1E84 /* tyme */ = {
			isa = XCSwiftPackageProductDependency;
			package = 31AD008C5754E4D3AEA0B6A4 /* XCRemoteSwiftPackageReference "tyme4swift" */;
			productName = tyme;
		};
		B81A4B851A506258631533B5 /* Sparkle */ = {
			isa = XCSwiftPackageProductDependency;
			package = 90C6F9C513875147C6C30336 /* XCRemoteSwiftPackageReference "Sparkle" */;
			productName = Sparkle;
		};
/* End XCSwiftPackageProductDependency section */
	};
	rootObject = 1F607940802B5F297277F05C /* Project object */;
}
